// !$*UTF8*$!
{
	archiveVersion = 1;
	classes = {
	};
	objectVersion = 46;
	objects = {

/* Begin PBXBuildFile section */
		01278AD3196F558900BC013A /* SPWelcomeViewController.m in Sources */ = {isa = PBXBuildFile; fileRef = 01278AD2196F558900BC013A /* SPWelcomeViewController.m */; };
		01278AD9196F593500BC013A /* SPLogInViewController.m in Sources */ = {isa = PBXBuildFile; fileRef = 01278AD8196F593500BC013A /* SPLogInViewController.m */; };
		01278ADC196F5C3900BC013A /* SPUtility.m in Sources */ = {isa = PBXBuildFile; fileRef = 01278ADB196F5C3900BC013A /* SPUtility.m */; };
		01278ADF196F5D1F00BC013A /* SPConstants.m in Sources */ = {isa = PBXBuildFile; fileRef = 01278ADE196F5D1F00BC013A /* SPConstants.m */; };
		0175D2C819873300007571A6 /* SPCheckInSelectPlace.m in Sources */ = {isa = PBXBuildFile; fileRef = 0175D2C719873300007571A6 /* SPCheckInSelectPlace.m */; };
		01805FC9196EC853002E79F6 /* Foundation.framework in Frameworks */ = {isa = PBXBuildFile; fileRef = 01805FC8196EC853002E79F6 /* Foundation.framework */; };
		01805FCB196EC853002E79F6 /* CoreGraphics.framework in Frameworks */ = {isa = PBXBuildFile; fileRef = 01805FCA196EC853002E79F6 /* CoreGraphics.framework */; };
		01805FCD196EC853002E79F6 /* UIKit.framework in Frameworks */ = {isa = PBXBuildFile; fileRef = 01805FCC196EC853002E79F6 /* UIKit.framework */; };
		01805FD3196EC853002E79F6 /* InfoPlist.strings in Resources */ = {isa = PBXBuildFile; fileRef = 01805FD1196EC853002E79F6 /* InfoPlist.strings */; };
		01805FD5196EC853002E79F6 /* main.m in Sources */ = {isa = PBXBuildFile; fileRef = 01805FD4196EC853002E79F6 /* main.m */; };
		01805FD9196EC853002E79F6 /* AppDelegate.m in Sources */ = {isa = PBXBuildFile; fileRef = 01805FD8196EC853002E79F6 /* AppDelegate.m */; };
		01805FDB196EC853002E79F6 /* Images.xcassets in Resources */ = {isa = PBXBuildFile; fileRef = 01805FDA196EC853002E79F6 /* Images.xcassets */; };
		01805FE2196EC853002E79F6 /* XCTest.framework in Frameworks */ = {isa = PBXBuildFile; fileRef = 01805FE1196EC853002E79F6 /* XCTest.framework */; };
		01805FE3196EC853002E79F6 /* Foundation.framework in Frameworks */ = {isa = PBXBuildFile; fileRef = 01805FC8196EC853002E79F6 /* Foundation.framework */; };
		01805FE4196EC853002E79F6 /* UIKit.framework in Frameworks */ = {isa = PBXBuildFile; fileRef = 01805FCC196EC853002E79F6 /* UIKit.framework */; };
		01805FEC196EC853002E79F6 /* InfoPlist.strings in Resources */ = {isa = PBXBuildFile; fileRef = 01805FEA196EC853002E79F6 /* InfoPlist.strings */; };
		01805FEE196EC853002E79F6 /* SpotsTests.m in Sources */ = {isa = PBXBuildFile; fileRef = 01805FED196EC853002E79F6 /* SpotsTests.m */; };
		01805FFF196EC8BC002E79F6 /* UIImage+AlphaAdditions.m in Sources */ = {isa = PBXBuildFile; fileRef = 01805FFA196EC8BC002E79F6 /* UIImage+AlphaAdditions.m */; };
		01806000196EC8BC002E79F6 /* UIImage+ResizeAdditions.m in Sources */ = {isa = PBXBuildFile; fileRef = 01805FFC196EC8BC002E79F6 /* UIImage+ResizeAdditions.m */; };
		01806001196EC8BC002E79F6 /* UIImage+RoundedCornerAdditions.m in Sources */ = {isa = PBXBuildFile; fileRef = 01805FFE196EC8BC002E79F6 /* UIImage+RoundedCornerAdditions.m */; };
		01806008196EC97F002E79F6 /* FacebookSDK.framework in Frameworks */ = {isa = PBXBuildFile; fileRef = 01806007196EC97F002E79F6 /* FacebookSDK.framework */; };
		0180600A196EC986002E79F6 /* Parse.framework in Frameworks */ = {isa = PBXBuildFile; fileRef = 01806009196EC986002E79F6 /* Parse.framework */; };
		0180600E196EC9A4002E79F6 /* MBProgressHUD.m in Sources */ = {isa = PBXBuildFile; fileRef = 0180600D196EC9A4002E79F6 /* MBProgressHUD.m */; };
		018060121973590F002E79F6 /* SPSettingsActionSheetDelegate.m in Sources */ = {isa = PBXBuildFile; fileRef = 018060111973590F002E79F6 /* SPSettingsActionSheetDelegate.m */; };
		0180601519735A53002E79F6 /* SPSettingsButtonItem.m in Sources */ = {isa = PBXBuildFile; fileRef = 0180601419735A53002E79F6 /* SPSettingsButtonItem.m */; };
		018060181973685B002E79F6 /* SPCache.m in Sources */ = {isa = PBXBuildFile; fileRef = 018060171973685B002E79F6 /* SPCache.m */; };
		0180601B1974D387002E79F6 /* Reachability.m in Sources */ = {isa = PBXBuildFile; fileRef = 0180601A1974D387002E79F6 /* Reachability.m */; };
		01A10FD21976B9810038CA65 /* SPEditPhotoViewController.m in Sources */ = {isa = PBXBuildFile; fileRef = 01A10FD11976B9810038CA65 /* SPEditPhotoViewController.m */; };
		01A10FD61976BA790038CA65 /* SPPhotoDetailsFooterView.m in Sources */ = {isa = PBXBuildFile; fileRef = 01A10FD51976BA790038CA65 /* SPPhotoDetailsFooterView.m */; };
		01A10FD81976CAE20038CA65 /* MapKit.framework in Frameworks */ = {isa = PBXBuildFile; fileRef = 01A10FD71976CAE20038CA65 /* MapKit.framework */; };
		01A10FDA1976CAE80038CA65 /* CoreLocation.framework in Frameworks */ = {isa = PBXBuildFile; fileRef = 01A10FD91976CAE80038CA65 /* CoreLocation.framework */; };
		01A10FDE1976D0760038CA65 /* SPCheckInViewController.m in Sources */ = {isa = PBXBuildFile; fileRef = 01A10FDD1976D0760038CA65 /* SPCheckInViewController.m */; };
		01A5B1271982D0430015D78A /* SPActivityCell.m in Sources */ = {isa = PBXBuildFile; fileRef = 01A5B1261982D0430015D78A /* SPActivityCell.m */; };
		01A804F21985D795001EB184 /* SPEventsViewController.m in Sources */ = {isa = PBXBuildFile; fileRef = 01A804F11985D795001EB184 /* SPEventsViewController.m */; };
		01B7789119783F020010FB0F /* SPCheckinCell.m in Sources */ = {isa = PBXBuildFile; fileRef = 01B7789019783F020010FB0F /* SPCheckinCell.m */; };
		01BA0A5E1979D37600E16A85 /* SPCheckInHeaderView.m in Sources */ = {isa = PBXBuildFile; fileRef = 01BA0A5D1979D37600E16A85 /* SPCheckInHeaderView.m */; };
		01BCB1E21978166E006D7072 /* SPCheckinCommentsViewController.m in Sources */ = {isa = PBXBuildFile; fileRef = 01BCB1E11978166E006D7072 /* SPCheckinCommentsViewController.m */; };
		01BD87C81972FB6E00DAC965 /* SPTimelineViewController.m in Sources */ = {isa = PBXBuildFile; fileRef = 01BD87C71972FB6E00DAC965 /* SPTimelineViewController.m */; };
		01BD87CC1972FC4800DAC965 /* SPTimelineHeaderView.m in Sources */ = {isa = PBXBuildFile; fileRef = 01BD87CB1972FC4800DAC965 /* SPTimelineHeaderView.m */; };
		01BD87D019730DA000DAC965 /* SPPhotoCell.m in Sources */ = {isa = PBXBuildFile; fileRef = 01BD87CF19730DA000DAC965 /* SPPhotoCell.m */; };
		01BD87D319742D1600DAC965 /* SPProfileImageView.m in Sources */ = {isa = PBXBuildFile; fileRef = 01BD87D219742D1600DAC965 /* SPProfileImageView.m */; };
		01BD87D719742E1400DAC965 /* TTTTimeIntervalFormatter.m in Sources */ = {isa = PBXBuildFile; fileRef = 01BD87D619742E1400DAC965 /* TTTTimeIntervalFormatter.m */; };
		01BF4A801975BBC600AAA927 /* UIImage+ImageEffects.m in Sources */ = {isa = PBXBuildFile; fileRef = 01BF4A7F1975BBC600AAA927 /* UIImage+ImageEffects.m */; };
		01BF4A871975BF5C00AAA927 /* SPFindFriendsCell.m in Sources */ = {isa = PBXBuildFile; fileRef = 01BF4A861975BF5C00AAA927 /* SPFindFriendsCell.m */; };
		01BF4A8A1975C05F00AAA927 /* SPFindFriendsViewController.m in Sources */ = {isa = PBXBuildFile; fileRef = 01BF4A891975C05F00AAA927 /* SPFindFriendsViewController.m */; };
		01BF979119746DBE006C2613 /* SPAccountViewController.m in Sources */ = {isa = PBXBuildFile; fileRef = 01BF979019746DBE006C2613 /* SPAccountViewController.m */; };
		01BF979419746E45006C2613 /* SPLoadMoreCell.m in Sources */ = {isa = PBXBuildFile; fileRef = 01BF979319746E45006C2613 /* SPLoadMoreCell.m */; };
		01C8AE79197DBC380046FDCF /* UIView+ConvertToImage.m in Sources */ = {isa = PBXBuildFile; fileRef = 01C8AE78197DBC380046FDCF /* UIView+ConvertToImage.m */; };
		01C8AE7C197DC0EC0046FDCF /* SPCheckInContainer.m in Sources */ = {isa = PBXBuildFile; fileRef = 01C8AE7B197DC0EC0046FDCF /* SPCheckInContainer.m */; };
		01C8AE7F197DEBE70046FDCF /* SPCheckinTVCell.m in Sources */ = {isa = PBXBuildFile; fileRef = 01C8AE7E197DEBE70046FDCF /* SPCheckinTVCell.m */; };
		01D45606198738FA00447ECB /* SPCheckInNavigationController.m in Sources */ = {isa = PBXBuildFile; fileRef = 01D45605198738FA00447ECB /* SPCheckInNavigationController.m */; };
		01E3ED321971ED35001A9388 /* SPTabBarController.m in Sources */ = {isa = PBXBuildFile; fileRef = 01E3ED311971ED35001A9388 /* SPTabBarController.m */; };
		01E3ED351971EF4F001A9388 /* SPActivityViewController.m in Sources */ = {isa = PBXBuildFile; fileRef = 01E3ED341971EF4F001A9388 /* SPActivityViewController.m */; };
		01E3ED391971F088001A9388 /* SPDiscoverViewController.m in Sources */ = {isa = PBXBuildFile; fileRef = 01E3ED381971F088001A9388 /* SPDiscoverViewController.m */; };
/* End PBXBuildFile section */

/* Begin PBXContainerItemProxy section */
		01805FE5196EC853002E79F6 /* PBXContainerItemProxy */ = {
			isa = PBXContainerItemProxy;
			containerPortal = 01805FBD196EC853002E79F6 /* Project object */;
			proxyType = 1;
			remoteGlobalIDString = 01805FC4196EC853002E79F6;
			remoteInfo = Spots;
		};
/* End PBXContainerItemProxy section */

/* Begin PBXFileReference section */
		01278AD1196F558900BC013A /* SPWelcomeViewController.h */ = {isa = PBXFileReference; fileEncoding = 4; lastKnownFileType = sourcecode.c.h; path = SPWelcomeViewController.h; sourceTree = "<group>"; };
		01278AD2196F558900BC013A /* SPWelcomeViewController.m */ = {isa = PBXFileReference; fileEncoding = 4; lastKnownFileType = sourcecode.c.objc; path = SPWelcomeViewController.m; sourceTree = "<group>"; };
		01278AD7196F593500BC013A /* SPLogInViewController.h */ = {isa = PBXFileReference; fileEncoding = 4; lastKnownFileType = sourcecode.c.h; path = SPLogInViewController.h; sourceTree = "<group>"; };
		01278AD8196F593500BC013A /* SPLogInViewController.m */ = {isa = PBXFileReference; fileEncoding = 4; lastKnownFileType = sourcecode.c.objc; path = SPLogInViewController.m; sourceTree = "<group>"; };
		01278ADA196F5C3900BC013A /* SPUtility.h */ = {isa = PBXFileReference; fileEncoding = 4; lastKnownFileType = sourcecode.c.h; path = SPUtility.h; sourceTree = "<group>"; };
		01278ADB196F5C3900BC013A /* SPUtility.m */ = {isa = PBXFileReference; fileEncoding = 4; lastKnownFileType = sourcecode.c.objc; path = SPUtility.m; sourceTree = "<group>"; };
		01278ADD196F5D1F00BC013A /* SPConstants.h */ = {isa = PBXFileReference; fileEncoding = 4; lastKnownFileType = sourcecode.c.h; path = SPConstants.h; sourceTree = "<group>"; };
		01278ADE196F5D1F00BC013A /* SPConstants.m */ = {isa = PBXFileReference; fileEncoding = 4; lastKnownFileType = sourcecode.c.objc; path = SPConstants.m; sourceTree = "<group>"; };
		0175D2C619873300007571A6 /* SPCheckInSelectPlace.h */ = {isa = PBXFileReference; fileEncoding = 4; lastKnownFileType = sourcecode.c.h; path = SPCheckInSelectPlace.h; sourceTree = "<group>"; };
		0175D2C719873300007571A6 /* SPCheckInSelectPlace.m */ = {isa = PBXFileReference; fileEncoding = 4; lastKnownFileType = sourcecode.c.objc; path = SPCheckInSelectPlace.m; sourceTree = "<group>"; };
		01805FC5196EC853002E79F6 /* Spots.app */ = {isa = PBXFileReference; explicitFileType = wrapper.application; includeInIndex = 0; path = Spots.app; sourceTree = BUILT_PRODUCTS_DIR; };
		01805FC8196EC853002E79F6 /* Foundation.framework */ = {isa = PBXFileReference; lastKnownFileType = wrapper.framework; name = Foundation.framework; path = System/Library/Frameworks/Foundation.framework; sourceTree = SDKROOT; };
		01805FCA196EC853002E79F6 /* CoreGraphics.framework */ = {isa = PBXFileReference; lastKnownFileType = wrapper.framework; name = CoreGraphics.framework; path = System/Library/Frameworks/CoreGraphics.framework; sourceTree = SDKROOT; };
		01805FCC196EC853002E79F6 /* UIKit.framework */ = {isa = PBXFileReference; lastKnownFileType = wrapper.framework; name = UIKit.framework; path = System/Library/Frameworks/UIKit.framework; sourceTree = SDKROOT; };
		01805FD0196EC853002E79F6 /* Spots-Info.plist */ = {isa = PBXFileReference; lastKnownFileType = text.plist.xml; path = "Spots-Info.plist"; sourceTree = "<group>"; };
		01805FD2196EC853002E79F6 /* en */ = {isa = PBXFileReference; lastKnownFileType = text.plist.strings; name = en; path = en.lproj/InfoPlist.strings; sourceTree = "<group>"; };
		01805FD4196EC853002E79F6 /* main.m */ = {isa = PBXFileReference; lastKnownFileType = sourcecode.c.objc; path = main.m; sourceTree = "<group>"; };
		01805FD6196EC853002E79F6 /* Spots-Prefix.pch */ = {isa = PBXFileReference; lastKnownFileType = sourcecode.c.h; path = "Spots-Prefix.pch"; sourceTree = "<group>"; };
		01805FD7196EC853002E79F6 /* AppDelegate.h */ = {isa = PBXFileReference; lastKnownFileType = sourcecode.c.h; path = AppDelegate.h; sourceTree = "<group>"; };
		01805FD8196EC853002E79F6 /* AppDelegate.m */ = {isa = PBXFileReference; lastKnownFileType = sourcecode.c.objc; path = AppDelegate.m; sourceTree = "<group>"; };
		01805FDA196EC853002E79F6 /* Images.xcassets */ = {isa = PBXFileReference; lastKnownFileType = folder.assetcatalog; path = Images.xcassets; sourceTree = "<group>"; };
		01805FE0196EC853002E79F6 /* SpotsTests.xctest */ = {isa = PBXFileReference; explicitFileType = wrapper.cfbundle; includeInIndex = 0; path = SpotsTests.xctest; sourceTree = BUILT_PRODUCTS_DIR; };
		01805FE1196EC853002E79F6 /* XCTest.framework */ = {isa = PBXFileReference; lastKnownFileType = wrapper.framework; name = XCTest.framework; path = Library/Frameworks/XCTest.framework; sourceTree = DEVELOPER_DIR; };
		01805FE9196EC853002E79F6 /* SpotsTests-Info.plist */ = {isa = PBXFileReference; lastKnownFileType = text.plist.xml; path = "SpotsTests-Info.plist"; sourceTree = "<group>"; };
		01805FEB196EC853002E79F6 /* en */ = {isa = PBXFileReference; lastKnownFileType = text.plist.strings; name = en; path = en.lproj/InfoPlist.strings; sourceTree = "<group>"; };
		01805FED196EC853002E79F6 /* SpotsTests.m */ = {isa = PBXFileReference; lastKnownFileType = sourcecode.c.objc; path = SpotsTests.m; sourceTree = "<group>"; };
		01805FF9196EC8BC002E79F6 /* UIImage+AlphaAdditions.h */ = {isa = PBXFileReference; fileEncoding = 4; lastKnownFileType = sourcecode.c.h; path = "UIImage+AlphaAdditions.h"; sourceTree = "<group>"; };
		01805FFA196EC8BC002E79F6 /* UIImage+AlphaAdditions.m */ = {isa = PBXFileReference; fileEncoding = 4; lastKnownFileType = sourcecode.c.objc; path = "UIImage+AlphaAdditions.m"; sourceTree = "<group>"; };
		01805FFB196EC8BC002E79F6 /* UIImage+ResizeAdditions.h */ = {isa = PBXFileReference; fileEncoding = 4; lastKnownFileType = sourcecode.c.h; path = "UIImage+ResizeAdditions.h"; sourceTree = "<group>"; };
		01805FFC196EC8BC002E79F6 /* UIImage+ResizeAdditions.m */ = {isa = PBXFileReference; fileEncoding = 4; lastKnownFileType = sourcecode.c.objc; path = "UIImage+ResizeAdditions.m"; sourceTree = "<group>"; };
		01805FFD196EC8BC002E79F6 /* UIImage+RoundedCornerAdditions.h */ = {isa = PBXFileReference; fileEncoding = 4; lastKnownFileType = sourcecode.c.h; path = "UIImage+RoundedCornerAdditions.h"; sourceTree = "<group>"; };
		01805FFE196EC8BC002E79F6 /* UIImage+RoundedCornerAdditions.m */ = {isa = PBXFileReference; fileEncoding = 4; lastKnownFileType = sourcecode.c.objc; path = "UIImage+RoundedCornerAdditions.m"; sourceTree = "<group>"; };
		01806007196EC97F002E79F6 /* FacebookSDK.framework */ = {isa = PBXFileReference; lastKnownFileType = wrapper.framework; path = FacebookSDK.framework; sourceTree = "<group>"; };
		01806009196EC986002E79F6 /* Parse.framework */ = {isa = PBXFileReference; lastKnownFileType = wrapper.framework; path = Parse.framework; sourceTree = "<group>"; };
		0180600C196EC9A4002E79F6 /* MBProgressHUD.h */ = {isa = PBXFileReference; fileEncoding = 4; lastKnownFileType = sourcecode.c.h; path = MBProgressHUD.h; sourceTree = "<group>"; };
		0180600D196EC9A4002E79F6 /* MBProgressHUD.m */ = {isa = PBXFileReference; fileEncoding = 4; lastKnownFileType = sourcecode.c.objc; path = MBProgressHUD.m; sourceTree = "<group>"; };
		018060101973590F002E79F6 /* SPSettingsActionSheetDelegate.h */ = {isa = PBXFileReference; fileEncoding = 4; lastKnownFileType = sourcecode.c.h; path = SPSettingsActionSheetDelegate.h; sourceTree = "<group>"; };
		018060111973590F002E79F6 /* SPSettingsActionSheetDelegate.m */ = {isa = PBXFileReference; fileEncoding = 4; lastKnownFileType = sourcecode.c.objc; path = SPSettingsActionSheetDelegate.m; sourceTree = "<group>"; };
		0180601319735A53002E79F6 /* SPSettingsButtonItem.h */ = {isa = PBXFileReference; fileEncoding = 4; lastKnownFileType = sourcecode.c.h; path = SPSettingsButtonItem.h; sourceTree = "<group>"; };
		0180601419735A53002E79F6 /* SPSettingsButtonItem.m */ = {isa = PBXFileReference; fileEncoding = 4; lastKnownFileType = sourcecode.c.objc; path = SPSettingsButtonItem.m; sourceTree = "<group>"; };
		018060161973685B002E79F6 /* SPCache.h */ = {isa = PBXFileReference; fileEncoding = 4; lastKnownFileType = sourcecode.c.h; path = SPCache.h; sourceTree = "<group>"; };
		018060171973685B002E79F6 /* SPCache.m */ = {isa = PBXFileReference; fileEncoding = 4; lastKnownFileType = sourcecode.c.objc; path = SPCache.m; sourceTree = "<group>"; };
		018060191974D387002E79F6 /* Reachability.h */ = {isa = PBXFileReference; fileEncoding = 4; lastKnownFileType = sourcecode.c.h; path = Reachability.h; sourceTree = "<group>"; };
		0180601A1974D387002E79F6 /* Reachability.m */ = {isa = PBXFileReference; fileEncoding = 4; lastKnownFileType = sourcecode.c.objc; path = Reachability.m; sourceTree = "<group>"; };
		01A10FD01976B9810038CA65 /* SPEditPhotoViewController.h */ = {isa = PBXFileReference; fileEncoding = 4; lastKnownFileType = sourcecode.c.h; path = SPEditPhotoViewController.h; sourceTree = "<group>"; };
		01A10FD11976B9810038CA65 /* SPEditPhotoViewController.m */ = {isa = PBXFileReference; fileEncoding = 4; lastKnownFileType = sourcecode.c.objc; path = SPEditPhotoViewController.m; sourceTree = "<group>"; };
		01A10FD41976BA790038CA65 /* SPPhotoDetailsFooterView.h */ = {isa = PBXFileReference; fileEncoding = 4; lastKnownFileType = sourcecode.c.h; path = SPPhotoDetailsFooterView.h; sourceTree = "<group>"; };
		01A10FD51976BA790038CA65 /* SPPhotoDetailsFooterView.m */ = {isa = PBXFileReference; fileEncoding = 4; lastKnownFileType = sourcecode.c.objc; path = SPPhotoDetailsFooterView.m; sourceTree = "<group>"; };
		01A10FD71976CAE20038CA65 /* MapKit.framework */ = {isa = PBXFileReference; lastKnownFileType = wrapper.framework; name = MapKit.framework; path = System/Library/Frameworks/MapKit.framework; sourceTree = SDKROOT; };
		01A10FD91976CAE80038CA65 /* CoreLocation.framework */ = {isa = PBXFileReference; lastKnownFileType = wrapper.framework; name = CoreLocation.framework; path = System/Library/Frameworks/CoreLocation.framework; sourceTree = SDKROOT; };
		01A10FDC1976D0760038CA65 /* SPCheckInViewController.h */ = {isa = PBXFileReference; fileEncoding = 4; lastKnownFileType = sourcecode.c.h; path = SPCheckInViewController.h; sourceTree = "<group>"; };
		01A10FDD1976D0760038CA65 /* SPCheckInViewController.m */ = {isa = PBXFileReference; fileEncoding = 4; lastKnownFileType = sourcecode.c.objc; path = SPCheckInViewController.m; sourceTree = "<group>"; };
		01A5B1251982D0430015D78A /* SPActivityCell.h */ = {isa = PBXFileReference; fileEncoding = 4; lastKnownFileType = sourcecode.c.h; path = SPActivityCell.h; sourceTree = "<group>"; };
		01A5B1261982D0430015D78A /* SPActivityCell.m */ = {isa = PBXFileReference; fileEncoding = 4; lastKnownFileType = sourcecode.c.objc; path = SPActivityCell.m; sourceTree = "<group>"; };
		01A804F01985D795001EB184 /* SPEventsViewController.h */ = {isa = PBXFileReference; fileEncoding = 4; lastKnownFileType = sourcecode.c.h; path = SPEventsViewController.h; sourceTree = "<group>"; };
		01A804F11985D795001EB184 /* SPEventsViewController.m */ = {isa = PBXFileReference; fileEncoding = 4; lastKnownFileType = sourcecode.c.objc; path = SPEventsViewController.m; sourceTree = "<group>"; };
		01B7788F19783F020010FB0F /* SPCheckinCell.h */ = {isa = PBXFileReference; fileEncoding = 4; lastKnownFileType = sourcecode.c.h; path = SPCheckinCell.h; sourceTree = "<group>"; };
		01B7789019783F020010FB0F /* SPCheckinCell.m */ = {isa = PBXFileReference; fileEncoding = 4; lastKnownFileType = sourcecode.c.objc; path = SPCheckinCell.m; sourceTree = "<group>"; };
		01BA0A5C1979D37600E16A85 /* SPCheckInHeaderView.h */ = {isa = PBXFileReference; fileEncoding = 4; lastKnownFileType = sourcecode.c.h; path = SPCheckInHeaderView.h; sourceTree = "<group>"; };
		01BA0A5D1979D37600E16A85 /* SPCheckInHeaderView.m */ = {isa = PBXFileReference; fileEncoding = 4; lastKnownFileType = sourcecode.c.objc; path = SPCheckInHeaderView.m; sourceTree = "<group>"; };
		01BCB1E01978166E006D7072 /* SPCheckinCommentsViewController.h */ = {isa = PBXFileReference; fileEncoding = 4; lastKnownFileType = sourcecode.c.h; path = SPCheckinCommentsViewController.h; sourceTree = "<group>"; };
		01BCB1E11978166E006D7072 /* SPCheckinCommentsViewController.m */ = {isa = PBXFileReference; fileEncoding = 4; lastKnownFileType = sourcecode.c.objc; path = SPCheckinCommentsViewController.m; sourceTree = "<group>"; };
		01BD87C61972FB6E00DAC965 /* SPTimelineViewController.h */ = {isa = PBXFileReference; fileEncoding = 4; lastKnownFileType = sourcecode.c.h; path = SPTimelineViewController.h; sourceTree = "<group>"; };
		01BD87C71972FB6E00DAC965 /* SPTimelineViewController.m */ = {isa = PBXFileReference; fileEncoding = 4; lastKnownFileType = sourcecode.c.objc; path = SPTimelineViewController.m; sourceTree = "<group>"; };
		01BD87CA1972FC4800DAC965 /* SPTimelineHeaderView.h */ = {isa = PBXFileReference; fileEncoding = 4; lastKnownFileType = sourcecode.c.h; path = SPTimelineHeaderView.h; sourceTree = "<group>"; };
		01BD87CB1972FC4800DAC965 /* SPTimelineHeaderView.m */ = {isa = PBXFileReference; fileEncoding = 4; lastKnownFileType = sourcecode.c.objc; path = SPTimelineHeaderView.m; sourceTree = "<group>"; };
		01BD87CE19730DA000DAC965 /* SPPhotoCell.h */ = {isa = PBXFileReference; fileEncoding = 4; lastKnownFileType = sourcecode.c.h; path = SPPhotoCell.h; sourceTree = "<group>"; };
		01BD87CF19730DA000DAC965 /* SPPhotoCell.m */ = {isa = PBXFileReference; fileEncoding = 4; lastKnownFileType = sourcecode.c.objc; path = SPPhotoCell.m; sourceTree = "<group>"; };
		01BD87D119742D1600DAC965 /* SPProfileImageView.h */ = {isa = PBXFileReference; fileEncoding = 4; lastKnownFileType = sourcecode.c.h; path = SPProfileImageView.h; sourceTree = "<group>"; };
		01BD87D219742D1600DAC965 /* SPProfileImageView.m */ = {isa = PBXFileReference; fileEncoding = 4; lastKnownFileType = sourcecode.c.objc; path = SPProfileImageView.m; sourceTree = "<group>"; };
		01BD87D519742E1400DAC965 /* TTTTimeIntervalFormatter.h */ = {isa = PBXFileReference; fileEncoding = 4; lastKnownFileType = sourcecode.c.h; path = TTTTimeIntervalFormatter.h; sourceTree = "<group>"; };
		01BD87D619742E1400DAC965 /* TTTTimeIntervalFormatter.m */ = {isa = PBXFileReference; fileEncoding = 4; lastKnownFileType = sourcecode.c.objc; path = TTTTimeIntervalFormatter.m; sourceTree = "<group>"; };
		01BF4A7E1975BBC600AAA927 /* UIImage+ImageEffects.h */ = {isa = PBXFileReference; fileEncoding = 4; lastKnownFileType = sourcecode.c.h; path = "UIImage+ImageEffects.h"; sourceTree = "<group>"; };
		01BF4A7F1975BBC600AAA927 /* UIImage+ImageEffects.m */ = {isa = PBXFileReference; fileEncoding = 4; lastKnownFileType = sourcecode.c.objc; path = "UIImage+ImageEffects.m"; sourceTree = "<group>"; };
		01BF4A851975BF5C00AAA927 /* SPFindFriendsCell.h */ = {isa = PBXFileReference; fileEncoding = 4; lastKnownFileType = sourcecode.c.h; path = SPFindFriendsCell.h; sourceTree = "<group>"; };
		01BF4A861975BF5C00AAA927 /* SPFindFriendsCell.m */ = {isa = PBXFileReference; fileEncoding = 4; lastKnownFileType = sourcecode.c.objc; path = SPFindFriendsCell.m; sourceTree = "<group>"; };
		01BF4A881975C05F00AAA927 /* SPFindFriendsViewController.h */ = {isa = PBXFileReference; fileEncoding = 4; lastKnownFileType = sourcecode.c.h; path = SPFindFriendsViewController.h; sourceTree = "<group>"; };
		01BF4A891975C05F00AAA927 /* SPFindFriendsViewController.m */ = {isa = PBXFileReference; fileEncoding = 4; lastKnownFileType = sourcecode.c.objc; path = SPFindFriendsViewController.m; sourceTree = "<group>"; };
		01BF978F19746DBE006C2613 /* SPAccountViewController.h */ = {isa = PBXFileReference; fileEncoding = 4; lastKnownFileType = sourcecode.c.h; path = SPAccountViewController.h; sourceTree = "<group>"; };
		01BF979019746DBE006C2613 /* SPAccountViewController.m */ = {isa = PBXFileReference; fileEncoding = 4; lastKnownFileType = sourcecode.c.objc; path = SPAccountViewController.m; sourceTree = "<group>"; };
		01BF979219746E45006C2613 /* SPLoadMoreCell.h */ = {isa = PBXFileReference; fileEncoding = 4; lastKnownFileType = sourcecode.c.h; path = SPLoadMoreCell.h; sourceTree = "<group>"; };
		01BF979319746E45006C2613 /* SPLoadMoreCell.m */ = {isa = PBXFileReference; fileEncoding = 4; lastKnownFileType = sourcecode.c.objc; path = SPLoadMoreCell.m; sourceTree = "<group>"; };
		01C8AE77197DBC380046FDCF /* UIView+ConvertToImage.h */ = {isa = PBXFileReference; fileEncoding = 4; lastKnownFileType = sourcecode.c.h; path = "UIView+ConvertToImage.h"; sourceTree = "<group>"; };
		01C8AE78197DBC380046FDCF /* UIView+ConvertToImage.m */ = {isa = PBXFileReference; fileEncoding = 4; lastKnownFileType = sourcecode.c.objc; path = "UIView+ConvertToImage.m"; sourceTree = "<group>"; };
		01C8AE7A197DC0EC0046FDCF /* SPCheckInContainer.h */ = {isa = PBXFileReference; fileEncoding = 4; lastKnownFileType = sourcecode.c.h; path = SPCheckInContainer.h; sourceTree = "<group>"; };
		01C8AE7B197DC0EC0046FDCF /* SPCheckInContainer.m */ = {isa = PBXFileReference; fileEncoding = 4; lastKnownFileType = sourcecode.c.objc; path = SPCheckInContainer.m; sourceTree = "<group>"; };
		01C8AE7D197DEBE70046FDCF /* SPCheckinTVCell.h */ = {isa = PBXFileReference; fileEncoding = 4; lastKnownFileType = sourcecode.c.h; path = SPCheckinTVCell.h; sourceTree = "<group>"; };
		01C8AE7E197DEBE70046FDCF /* SPCheckinTVCell.m */ = {isa = PBXFileReference; fileEncoding = 4; lastKnownFileType = sourcecode.c.objc; path = SPCheckinTVCell.m; sourceTree = "<group>"; };
		01D45604198738FA00447ECB /* SPCheckInNavigationController.h */ = {isa = PBXFileReference; fileEncoding = 4; lastKnownFileType = sourcecode.c.h; path = SPCheckInNavigationController.h; sourceTree = "<group>"; };
		01D45605198738FA00447ECB /* SPCheckInNavigationController.m */ = {isa = PBXFileReference; fileEncoding = 4; lastKnownFileType = sourcecode.c.objc; path = SPCheckInNavigationController.m; sourceTree = "<group>"; };
		01E3ED301971ED35001A9388 /* SPTabBarController.h */ = {isa = PBXFileReference; fileEncoding = 4; lastKnownFileType = sourcecode.c.h; path = SPTabBarController.h; sourceTree = "<group>"; };
		01E3ED311971ED35001A9388 /* SPTabBarController.m */ = {isa = PBXFileReference; fileEncoding = 4; lastKnownFileType = sourcecode.c.objc; path = SPTabBarController.m; sourceTree = "<group>"; };
		01E3ED331971EF4F001A9388 /* SPActivityViewController.h */ = {isa = PBXFileReference; fileEncoding = 4; lastKnownFileType = sourcecode.c.h; path = SPActivityViewController.h; sourceTree = "<group>"; };
		01E3ED341971EF4F001A9388 /* SPActivityViewController.m */ = {isa = PBXFileReference; fileEncoding = 4; lastKnownFileType = sourcecode.c.objc; path = SPActivityViewController.m; sourceTree = "<group>"; };
		01E3ED371971F088001A9388 /* SPDiscoverViewController.h */ = {isa = PBXFileReference; fileEncoding = 4; lastKnownFileType = sourcecode.c.h; path = SPDiscoverViewController.h; sourceTree = "<group>"; };
		01E3ED381971F088001A9388 /* SPDiscoverViewController.m */ = {isa = PBXFileReference; fileEncoding = 4; lastKnownFileType = sourcecode.c.objc; path = SPDiscoverViewController.m; sourceTree = "<group>"; };
/* End PBXFileReference section */

/* Begin PBXFrameworksBuildPhase section */
		01805FC2196EC853002E79F6 /* Frameworks */ = {
			isa = PBXFrameworksBuildPhase;
			buildActionMask = 2147483647;
			files = (
				01A10FDA1976CAE80038CA65 /* CoreLocation.framework in Frameworks */,
				01A10FD81976CAE20038CA65 /* MapKit.framework in Frameworks */,
				01805FCB196EC853002E79F6 /* CoreGraphics.framework in Frameworks */,
				01806008196EC97F002E79F6 /* FacebookSDK.framework in Frameworks */,
				01805FCD196EC853002E79F6 /* UIKit.framework in Frameworks */,
				01805FC9196EC853002E79F6 /* Foundation.framework in Frameworks */,
				0180600A196EC986002E79F6 /* Parse.framework in Frameworks */,
			);
			runOnlyForDeploymentPostprocessing = 0;
		};
		01805FDD196EC853002E79F6 /* Frameworks */ = {
			isa = PBXFrameworksBuildPhase;
			buildActionMask = 2147483647;
			files = (
				01805FE2196EC853002E79F6 /* XCTest.framework in Frameworks */,
				01805FE4196EC853002E79F6 /* UIKit.framework in Frameworks */,
				01805FE3196EC853002E79F6 /* Foundation.framework in Frameworks */,
			);
			runOnlyForDeploymentPostprocessing = 0;
		};
/* End PBXFrameworksBuildPhase section */

/* Begin PBXGroup section */
		01278ACC196F54B200BC013A /* Controllers */ = {
			isa = PBXGroup;
			children = (
				01A804F31986AB33001EB184 /* Account */,
				01A804EF1985D77E001EB184 /* Events */,
				01A10FDB1976CE5D0038CA65 /* Check In */,
				01A10FCF1976B9430038CA65 /* Take Photo */,
				0180600F197358F4002E79F6 /* Settings */,
				01E3ED361971F071001A9388 /* Discover */,
				01E3ED301971ED35001A9388 /* SPTabBarController.h */,
				01E3ED311971ED35001A9388 /* SPTabBarController.m */,
				01E3ED2F1971ED1D001A9388 /* Activity */,
				01278ACD196F54D800BC013A /* Login */,
			);
			name = Controllers;
			sourceTree = "<group>";
		};
		01278ACD196F54D800BC013A /* Login */ = {
			isa = PBXGroup;
			children = (
				01278AD1196F558900BC013A /* SPWelcomeViewController.h */,
				01278AD2196F558900BC013A /* SPWelcomeViewController.m */,
				01278AD7196F593500BC013A /* SPLogInViewController.h */,
				01278AD8196F593500BC013A /* SPLogInViewController.m */,
			);
			name = Login;
			sourceTree = "<group>";
		};
		01805FBC196EC853002E79F6 = {
			isa = PBXGroup;
			children = (
				01805FCE196EC853002E79F6 /* Spots */,
				01805FE7196EC853002E79F6 /* SpotsTests */,
				01805FC7196EC853002E79F6 /* Frameworks */,
				01805FC6196EC853002E79F6 /* Products */,
			);
			sourceTree = "<group>";
		};
		01805FC6196EC853002E79F6 /* Products */ = {
			isa = PBXGroup;
			children = (
				01805FC5196EC853002E79F6 /* Spots.app */,
				01805FE0196EC853002E79F6 /* SpotsTests.xctest */,
			);
			name = Products;
			sourceTree = "<group>";
		};
		01805FC7196EC853002E79F6 /* Frameworks */ = {
			isa = PBXGroup;
			children = (
				01A10FD91976CAE80038CA65 /* CoreLocation.framework */,
				01A10FD71976CAE20038CA65 /* MapKit.framework */,
				01805FC8196EC853002E79F6 /* Foundation.framework */,
				01805FCA196EC853002E79F6 /* CoreGraphics.framework */,
				01805FCC196EC853002E79F6 /* UIKit.framework */,
				01805FE1196EC853002E79F6 /* XCTest.framework */,
			);
			name = Frameworks;
			sourceTree = "<group>";
		};
		01805FCE196EC853002E79F6 /* Spots */ = {
			isa = PBXGroup;
			children = (
				01278ACC196F54B200BC013A /* Controllers */,
				01806002196EC905002E79F6 /* Vendor */,
				01805FF8196EC8AA002E79F6 /* Categories */,
				01805FF7196EC8A2002E79F6 /* Views */,
				01805FD7196EC853002E79F6 /* AppDelegate.h */,
				01805FD8196EC853002E79F6 /* AppDelegate.m */,
				01805FDA196EC853002E79F6 /* Images.xcassets */,
				01805FCF196EC853002E79F6 /* Supporting Files */,
				01278ADA196F5C3900BC013A /* SPUtility.h */,
				01278ADB196F5C3900BC013A /* SPUtility.m */,
				01278ADD196F5D1F00BC013A /* SPConstants.h */,
				01278ADE196F5D1F00BC013A /* SPConstants.m */,
				018060161973685B002E79F6 /* SPCache.h */,
				018060171973685B002E79F6 /* SPCache.m */,
			);
			path = Spots;
			sourceTree = "<group>";
		};
		01805FCF196EC853002E79F6 /* Supporting Files */ = {
			isa = PBXGroup;
			children = (
				01805FD0196EC853002E79F6 /* Spots-Info.plist */,
				01805FD1196EC853002E79F6 /* InfoPlist.strings */,
				01805FD4196EC853002E79F6 /* main.m */,
				01805FD6196EC853002E79F6 /* Spots-Prefix.pch */,
			);
			name = "Supporting Files";
			sourceTree = "<group>";
		};
		01805FE7196EC853002E79F6 /* SpotsTests */ = {
			isa = PBXGroup;
			children = (
				01805FED196EC853002E79F6 /* SpotsTests.m */,
				01805FE8196EC853002E79F6 /* Supporting Files */,
			);
			path = SpotsTests;
			sourceTree = "<group>";
		};
		01805FE8196EC853002E79F6 /* Supporting Files */ = {
			isa = PBXGroup;
			children = (
				01805FE9196EC853002E79F6 /* SpotsTests-Info.plist */,
				01805FEA196EC853002E79F6 /* InfoPlist.strings */,
			);
			name = "Supporting Files";
			sourceTree = "<group>";
		};
		01805FF7196EC8A2002E79F6 /* Views */ = {
			isa = PBXGroup;
			children = (
				01BA0A5B1979D34900E16A85 /* CheckInHeaderView */,
				01A10FD31976BA4F0038CA65 /* PhotoDetailsViews */,
				01BD87CD19730D8800DAC965 /* UITableViewCells */,
				01BD87C91972FC0500DAC965 /* TimelineViews */,
				0180601319735A53002E79F6 /* SPSettingsButtonItem.h */,
				0180601419735A53002E79F6 /* SPSettingsButtonItem.m */,
				01BD87D119742D1600DAC965 /* SPProfileImageView.h */,
				01BD87D219742D1600DAC965 /* SPProfileImageView.m */,
			);
			name = Views;
			sourceTree = "<group>";
		};
		01805FF8196EC8AA002E79F6 /* Categories */ = {
			isa = PBXGroup;
			children = (
				01805FF9196EC8BC002E79F6 /* UIImage+AlphaAdditions.h */,
				01805FFA196EC8BC002E79F6 /* UIImage+AlphaAdditions.m */,
				01805FFB196EC8BC002E79F6 /* UIImage+ResizeAdditions.h */,
				01805FFC196EC8BC002E79F6 /* UIImage+ResizeAdditions.m */,
				01805FFD196EC8BC002E79F6 /* UIImage+RoundedCornerAdditions.h */,
				01805FFE196EC8BC002E79F6 /* UIImage+RoundedCornerAdditions.m */,
				01C8AE77197DBC380046FDCF /* UIView+ConvertToImage.h */,
				01C8AE78197DBC380046FDCF /* UIView+ConvertToImage.m */,
			);
			name = Categories;
			sourceTree = "<group>";
		};
		01806002196EC905002E79F6 /* Vendor */ = {
			isa = PBXGroup;
			children = (
				01BF4A7D1975BBA700AAA927 /* UIImage+ImageEffects */,
				01BD87D419742DFE00DAC965 /* TTTTimeIntervalFormatter */,
				0180600B196EC996002E79F6 /* MBProgressHUD */,
				01806009196EC986002E79F6 /* Parse.framework */,
				01806007196EC97F002E79F6 /* FacebookSDK.framework */,
				01806003196EC91B002E79F6 /* Reachability */,
			);
			name = Vendor;
			sourceTree = "<group>";
		};
		01806003196EC91B002E79F6 /* Reachability */ = {
			isa = PBXGroup;
			children = (
				018060191974D387002E79F6 /* Reachability.h */,
				0180601A1974D387002E79F6 /* Reachability.m */,
			);
			name = Reachability;
			sourceTree = "<group>";
		};
		0180600B196EC996002E79F6 /* MBProgressHUD */ = {
			isa = PBXGroup;
			children = (
				0180600C196EC9A4002E79F6 /* MBProgressHUD.h */,
				0180600D196EC9A4002E79F6 /* MBProgressHUD.m */,
			);
			name = MBProgressHUD;
			sourceTree = "<group>";
		};
		0180600F197358F4002E79F6 /* Settings */ = {
			isa = PBXGroup;
			children = (
				018060101973590F002E79F6 /* SPSettingsActionSheetDelegate.h */,
				018060111973590F002E79F6 /* SPSettingsActionSheetDelegate.m */,
				01BF4A881975C05F00AAA927 /* SPFindFriendsViewController.h */,
				01BF4A891975C05F00AAA927 /* SPFindFriendsViewController.m */,
			);
			name = Settings;
			sourceTree = "<group>";
		};
		01A10FCF1976B9430038CA65 /* Take Photo */ = {
			isa = PBXGroup;
			children = (
				01A10FD01976B9810038CA65 /* SPEditPhotoViewController.h */,
				01A10FD11976B9810038CA65 /* SPEditPhotoViewController.m */,
			);
			name = "Take Photo";
			sourceTree = "<group>";
		};
		01A10FD31976BA4F0038CA65 /* PhotoDetailsViews */ = {
			isa = PBXGroup;
			children = (
				01A10FD41976BA790038CA65 /* SPPhotoDetailsFooterView.h */,
				01A10FD51976BA790038CA65 /* SPPhotoDetailsFooterView.m */,
			);
			name = PhotoDetailsViews;
			sourceTree = "<group>";
		};
		01A10FDB1976CE5D0038CA65 /* Check In */ = {
			isa = PBXGroup;
			children = (
				01A10FDC1976D0760038CA65 /* SPCheckInViewController.h */,
				01A10FDD1976D0760038CA65 /* SPCheckInViewController.m */,
				01BCB1E01978166E006D7072 /* SPCheckinCommentsViewController.h */,
				01BCB1E11978166E006D7072 /* SPCheckinCommentsViewController.m */,
				01C8AE7A197DC0EC0046FDCF /* SPCheckInContainer.h */,
				01C8AE7B197DC0EC0046FDCF /* SPCheckInContainer.m */,
				0175D2C619873300007571A6 /* SPCheckInSelectPlace.h */,
				0175D2C719873300007571A6 /* SPCheckInSelectPlace.m */,
				01D45604198738FA00447ECB /* SPCheckInNavigationController.h */,
				01D45605198738FA00447ECB /* SPCheckInNavigationController.m */,
			);
			name = "Check In";
			sourceTree = "<group>";
		};
		01A804EF1985D77E001EB184 /* Events */ = {
			isa = PBXGroup;
			children = (
				01A804F01985D795001EB184 /* SPEventsViewController.h */,
				01A804F11985D795001EB184 /* SPEventsViewController.m */,
			);
			name = Events;
			sourceTree = "<group>";
		};
		01A804F31986AB33001EB184 /* Account */ = {
			isa = PBXGroup;
			children = (
				01BF978F19746DBE006C2613 /* SPAccountViewController.h */,
				01BF979019746DBE006C2613 /* SPAccountViewController.m */,
			);
			name = Account;
			sourceTree = "<group>";
		};
		01BA0A5B1979D34900E16A85 /* CheckInHeaderView */ = {
			isa = PBXGroup;
			children = (
				01BA0A5C1979D37600E16A85 /* SPCheckInHeaderView.h */,
				01BA0A5D1979D37600E16A85 /* SPCheckInHeaderView.m */,
			);
			name = CheckInHeaderView;
			sourceTree = "<group>";
		};
		01BD87C91972FC0500DAC965 /* TimelineViews */ = {
			isa = PBXGroup;
			children = (
				01BD87CA1972FC4800DAC965 /* SPTimelineHeaderView.h */,
				01BD87CB1972FC4800DAC965 /* SPTimelineHeaderView.m */,
			);
			name = TimelineViews;
			sourceTree = "<group>";
		};
		01BD87CD19730D8800DAC965 /* UITableViewCells */ = {
			isa = PBXGroup;
			children = (
				01BF4A811975BE9600AAA927 /* SPBaseTextCell */,
				01BD87CE19730DA000DAC965 /* SPPhotoCell.h */,
				01BD87CF19730DA000DAC965 /* SPPhotoCell.m */,
				01BF979219746E45006C2613 /* SPLoadMoreCell.h */,
				01BF979319746E45006C2613 /* SPLoadMoreCell.m */,
				01B7788F19783F020010FB0F /* SPCheckinCell.h */,
				01B7789019783F020010FB0F /* SPCheckinCell.m */,
				01C8AE7D197DEBE70046FDCF /* SPCheckinTVCell.h */,
				01C8AE7E197DEBE70046FDCF /* SPCheckinTVCell.m */,
				01A5B1251982D0430015D78A /* SPActivityCell.h */,
				01A5B1261982D0430015D78A /* SPActivityCell.m */,
			);
			name = UITableViewCells;
			sourceTree = "<group>";
		};
		01BD87D419742DFE00DAC965 /* TTTTimeIntervalFormatter */ = {
			isa = PBXGroup;
			children = (
				01BD87D519742E1400DAC965 /* TTTTimeIntervalFormatter.h */,
				01BD87D619742E1400DAC965 /* TTTTimeIntervalFormatter.m */,
			);
			name = TTTTimeIntervalFormatter;
			sourceTree = "<group>";
		};
		01BF4A7D1975BBA700AAA927 /* UIImage+ImageEffects */ = {
			isa = PBXGroup;
			children = (
				01BF4A7E1975BBC600AAA927 /* UIImage+ImageEffects.h */,
				01BF4A7F1975BBC600AAA927 /* UIImage+ImageEffects.m */,
			);
			name = "UIImage+ImageEffects";
			sourceTree = "<group>";
		};
		01BF4A811975BE9600AAA927 /* SPBaseTextCell */ = {
			isa = PBXGroup;
			children = (
				01BF4A851975BF5C00AAA927 /* SPFindFriendsCell.h */,
				01BF4A861975BF5C00AAA927 /* SPFindFriendsCell.m */,
			);
			name = SPBaseTextCell;
			sourceTree = "<group>";
		};
		01E3ED2F1971ED1D001A9388 /* Activity */ = {
			isa = PBXGroup;
			children = (
				01E3ED331971EF4F001A9388 /* SPActivityViewController.h */,
				01E3ED341971EF4F001A9388 /* SPActivityViewController.m */,
				01BD87C61972FB6E00DAC965 /* SPTimelineViewController.h */,
				01BD87C71972FB6E00DAC965 /* SPTimelineViewController.m */,
			);
			name = Activity;
			sourceTree = "<group>";
		};
		01E3ED361971F071001A9388 /* Discover */ = {
			isa = PBXGroup;
			children = (
				01E3ED371971F088001A9388 /* SPDiscoverViewController.h */,
				01E3ED381971F088001A9388 /* SPDiscoverViewController.m */,
			);
			name = Discover;
			sourceTree = "<group>";
		};
/* End PBXGroup section */

/* Begin PBXNativeTarget section */
		01805FC4196EC853002E79F6 /* Spots */ = {
			isa = PBXNativeTarget;
			buildConfigurationList = 01805FF1196EC853002E79F6 /* Build configuration list for PBXNativeTarget "Spots" */;
			buildPhases = (
				01805FC1196EC853002E79F6 /* Sources */,
				01805FC2196EC853002E79F6 /* Frameworks */,
				01805FC3196EC853002E79F6 /* Resources */,
			);
			buildRules = (
			);
			dependencies = (
			);
			name = Spots;
			productName = Spots;
			productReference = 01805FC5196EC853002E79F6 /* Spots.app */;
			productType = "com.apple.product-type.application";
		};
		01805FDF196EC853002E79F6 /* SpotsTests */ = {
			isa = PBXNativeTarget;
			buildConfigurationList = 01805FF4196EC853002E79F6 /* Build configuration list for PBXNativeTarget "SpotsTests" */;
			buildPhases = (
				01805FDC196EC853002E79F6 /* Sources */,
				01805FDD196EC853002E79F6 /* Frameworks */,
				01805FDE196EC853002E79F6 /* Resources */,
			);
			buildRules = (
			);
			dependencies = (
				01805FE6196EC853002E79F6 /* PBXTargetDependency */,
			);
			name = SpotsTests;
			productName = SpotsTests;
			productReference = 01805FE0196EC853002E79F6 /* SpotsTests.xctest */;
			productType = "com.apple.product-type.bundle.unit-test";
		};
/* End PBXNativeTarget section */

/* Begin PBXProject section */
		01805FBD196EC853002E79F6 /* Project object */ = {
			isa = PBXProject;
			attributes = {
				LastUpgradeCheck = 0510;
				ORGANIZATIONNAME = NickSpitale;
				TargetAttributes = {
					01805FC4196EC853002E79F6 = {
						DevelopmentTeam = LE78HT2BQ6;
					};
					01805FDF196EC853002E79F6 = {
						TestTargetID = 01805FC4196EC853002E79F6;
					};
				};
			};
			buildConfigurationList = 01805FC0196EC853002E79F6 /* Build configuration list for PBXProject "Spots" */;
			compatibilityVersion = "Xcode 3.2";
			developmentRegion = English;
			hasScannedForEncodings = 0;
			knownRegions = (
				en,
			);
			mainGroup = 01805FBC196EC853002E79F6;
			productRefGroup = 01805FC6196EC853002E79F6 /* Products */;
			projectDirPath = "";
			projectRoot = "";
			targets = (
				01805FC4196EC853002E79F6 /* Spots */,
				01805FDF196EC853002E79F6 /* SpotsTests */,
			);
		};
/* End PBXProject section */

/* Begin PBXResourcesBuildPhase section */
		01805FC3196EC853002E79F6 /* Resources */ = {
			isa = PBXResourcesBuildPhase;
			buildActionMask = 2147483647;
			files = (
				01805FD3196EC853002E79F6 /* InfoPlist.strings in Resources */,
				01805FDB196EC853002E79F6 /* Images.xcassets in Resources */,
			);
			runOnlyForDeploymentPostprocessing = 0;
		};
		01805FDE196EC853002E79F6 /* Resources */ = {
			isa = PBXResourcesBuildPhase;
			buildActionMask = 2147483647;
			files = (
				01805FEC196EC853002E79F6 /* InfoPlist.strings in Resources */,
			);
			runOnlyForDeploymentPostprocessing = 0;
		};
/* End PBXResourcesBuildPhase section */

/* Begin PBXSourcesBuildPhase section */
		01805FC1196EC853002E79F6 /* Sources */ = {
			isa = PBXSourcesBuildPhase;
			buildActionMask = 2147483647;
			files = (
				01806001196EC8BC002E79F6 /* UIImage+RoundedCornerAdditions.m in Sources */,
				01805FFF196EC8BC002E79F6 /* UIImage+AlphaAdditions.m in Sources */,
				01B7789119783F020010FB0F /* SPCheckinCell.m in Sources */,
				018060121973590F002E79F6 /* SPSettingsActionSheetDelegate.m in Sources */,
				018060181973685B002E79F6 /* SPCache.m in Sources */,
				0180601B1974D387002E79F6 /* Reachability.m in Sources */,
				01278AD9196F593500BC013A /* SPLogInViewController.m in Sources */,
				01A5B1271982D0430015D78A /* SPActivityCell.m in Sources */,
				01BF4A801975BBC600AAA927 /* UIImage+ImageEffects.m in Sources */,
				01BD87C81972FB6E00DAC965 /* SPTimelineViewController.m in Sources */,
				01E3ED321971ED35001A9388 /* SPTabBarController.m in Sources */,
				01C8AE7F197DEBE70046FDCF /* SPCheckinTVCell.m in Sources */,
				01278ADF196F5D1F00BC013A /* SPConstants.m in Sources */,
				01278AD3196F558900BC013A /* SPWelcomeViewController.m in Sources */,
				01D45606198738FA00447ECB /* SPCheckInNavigationController.m in Sources */,
				01BF4A871975BF5C00AAA927 /* SPFindFriendsCell.m in Sources */,
				01C8AE79197DBC380046FDCF /* UIView+ConvertToImage.m in Sources */,
				01BF979419746E45006C2613 /* SPLoadMoreCell.m in Sources */,
				01C8AE7C197DC0EC0046FDCF /* SPCheckInContainer.m in Sources */,
				01E3ED351971EF4F001A9388 /* SPActivityViewController.m in Sources */,
				01806000196EC8BC002E79F6 /* UIImage+ResizeAdditions.m in Sources */,
				01A804F21985D795001EB184 /* SPEventsViewController.m in Sources */,
				01BD87D319742D1600DAC965 /* SPProfileImageView.m in Sources */,
				01A10FDE1976D0760038CA65 /* SPCheckInViewController.m in Sources */,
				01BF4A8A1975C05F00AAA927 /* SPFindFriendsViewController.m in Sources */,
				01278ADC196F5C3900BC013A /* SPUtility.m in Sources */,
				01BD87D019730DA000DAC965 /* SPPhotoCell.m in Sources */,
				01BF979119746DBE006C2613 /* SPAccountViewController.m in Sources */,
				01A10FD21976B9810038CA65 /* SPEditPhotoViewController.m in Sources */,
				01BCB1E21978166E006D7072 /* SPCheckinCommentsViewController.m in Sources */,
				01805FD9196EC853002E79F6 /* AppDelegate.m in Sources */,
				01A10FD61976BA790038CA65 /* SPPhotoDetailsFooterView.m in Sources */,
				01E3ED391971F088001A9388 /* SPDiscoverViewController.m in Sources */,
				0175D2C819873300007571A6 /* SPCheckInSelectPlace.m in Sources */,
				01805FD5196EC853002E79F6 /* main.m in Sources */,
				0180601519735A53002E79F6 /* SPSettingsButtonItem.m in Sources */,
				0180600E196EC9A4002E79F6 /* MBProgressHUD.m in Sources */,
				01BD87CC1972FC4800DAC965 /* SPTimelineHeaderView.m in Sources */,
				01BD87D719742E1400DAC965 /* TTTTimeIntervalFormatter.m in Sources */,
				01BA0A5E1979D37600E16A85 /* SPCheckInHeaderView.m in Sources */,
			);
			runOnlyForDeploymentPostprocessing = 0;
		};
		01805FDC196EC853002E79F6 /* Sources */ = {
			isa = PBXSourcesBuildPhase;
			buildActionMask = 2147483647;
			files = (
				01805FEE196EC853002E79F6 /* SpotsTests.m in Sources */,
			);
			runOnlyForDeploymentPostprocessing = 0;
		};
/* End PBXSourcesBuildPhase section */

/* Begin PBXTargetDependency section */
		01805FE6196EC853002E79F6 /* PBXTargetDependency */ = {
			isa = PBXTargetDependency;
			target = 01805FC4196EC853002E79F6 /* Spots */;
			targetProxy = 01805FE5196EC853002E79F6 /* PBXContainerItemProxy */;
		};
/* End PBXTargetDependency section */

/* Begin PBXVariantGroup section */
		01805FD1196EC853002E79F6 /* InfoPlist.strings */ = {
			isa = PBXVariantGroup;
			children = (
				01805FD2196EC853002E79F6 /* en */,
			);
			name = InfoPlist.strings;
			sourceTree = "<group>";
		};
		01805FEA196EC853002E79F6 /* InfoPlist.strings */ = {
			isa = PBXVariantGroup;
			children = (
				01805FEB196EC853002E79F6 /* en */,
			);
			name = InfoPlist.strings;
			sourceTree = "<group>";
		};
/* End PBXVariantGroup section */

/* Begin XCBuildConfiguration section */
		01805FEF196EC853002E79F6 /* Debug */ = {
			isa = XCBuildConfiguration;
			buildSettings = {
				ALWAYS_SEARCH_USER_PATHS = NO;
				CLANG_CXX_LANGUAGE_STANDARD = "gnu++0x";
				CLANG_CXX_LIBRARY = "libc++";
				CLANG_ENABLE_MODULES = YES;
				CLANG_ENABLE_OBJC_ARC = YES;
				CLANG_WARN_BOOL_CONVERSION = YES;
				CLANG_WARN_CONSTANT_CONVERSION = YES;
				CLANG_WARN_DIRECT_OBJC_ISA_USAGE = YES_ERROR;
				CLANG_WARN_EMPTY_BODY = YES;
				CLANG_WARN_ENUM_CONVERSION = YES;
				CLANG_WARN_INT_CONVERSION = YES;
				CLANG_WARN_OBJC_ROOT_CLASS = YES_ERROR;
				CLANG_WARN__DUPLICATE_METHOD_MATCH = YES;
				"CODE_SIGN_IDENTITY[sdk=iphoneos*]" = "iPhone Developer";
				COPY_PHASE_STRIP = NO;
				GCC_C_LANGUAGE_STANDARD = gnu99;
				GCC_DYNAMIC_NO_PIC = NO;
				GCC_OPTIMIZATION_LEVEL = 0;
				GCC_PREPROCESSOR_DEFINITIONS = (
					"DEBUG=1",
					"$(inherited)",
				);
				GCC_SYMBOLS_PRIVATE_EXTERN = NO;
				GCC_WARN_64_TO_32_BIT_CONVERSION = YES;
				GCC_WARN_ABOUT_RETURN_TYPE = YES_ERROR;
				GCC_WARN_UNDECLARED_SELECTOR = YES;
				GCC_WARN_UNINITIALIZED_AUTOS = YES_AGGRESSIVE;
				GCC_WARN_UNUSED_FUNCTION = YES;
				GCC_WARN_UNUSED_VARIABLE = YES;
				IPHONEOS_DEPLOYMENT_TARGET = 7.1;
				ONLY_ACTIVE_ARCH = YES;
				SDKROOT = iphoneos;
				TARGETED_DEVICE_FAMILY = "1,2";
			};
			name = Debug;
		};
		01805FF0196EC853002E79F6 /* Release */ = {
			isa = XCBuildConfiguration;
			buildSettings = {
				ALWAYS_SEARCH_USER_PATHS = NO;
				CLANG_CXX_LANGUAGE_STANDARD = "gnu++0x";
				CLANG_CXX_LIBRARY = "libc++";
				CLANG_ENABLE_MODULES = YES;
				CLANG_ENABLE_OBJC_ARC = YES;
				CLANG_WARN_BOOL_CONVERSION = YES;
				CLANG_WARN_CONSTANT_CONVERSION = YES;
				CLANG_WARN_DIRECT_OBJC_ISA_USAGE = YES_ERROR;
				CLANG_WARN_EMPTY_BODY = YES;
				CLANG_WARN_ENUM_CONVERSION = YES;
				CLANG_WARN_INT_CONVERSION = YES;
				CLANG_WARN_OBJC_ROOT_CLASS = YES_ERROR;
				CLANG_WARN__DUPLICATE_METHOD_MATCH = YES;
				"CODE_SIGN_IDENTITY[sdk=iphoneos*]" = "iPhone Developer";
				COPY_PHASE_STRIP = YES;
				ENABLE_NS_ASSERTIONS = NO;
				GCC_C_LANGUAGE_STANDARD = gnu99;
				GCC_WARN_64_TO_32_BIT_CONVERSION = YES;
				GCC_WARN_ABOUT_RETURN_TYPE = YES_ERROR;
				GCC_WARN_UNDECLARED_SELECTOR = YES;
				GCC_WARN_UNINITIALIZED_AUTOS = YES_AGGRESSIVE;
				GCC_WARN_UNUSED_FUNCTION = YES;
				GCC_WARN_UNUSED_VARIABLE = YES;
				IPHONEOS_DEPLOYMENT_TARGET = 7.1;
				SDKROOT = iphoneos;
				TARGETED_DEVICE_FAMILY = "1,2";
				VALIDATE_PRODUCT = YES;
			};
			name = Release;
		};
		01805FF2196EC853002E79F6 /* Debug */ = {
			isa = XCBuildConfiguration;
			buildSettings = {
				ASSETCATALOG_COMPILER_APPICON_NAME = AppIcon;
				ASSETCATALOG_COMPILER_LAUNCHIMAGE_NAME = LaunchImage;
				CODE_SIGN_IDENTITY = "iPhone Developer";
				"CODE_SIGN_IDENTITY[sdk=iphoneos*]" = "iPhone Developer";
				FRAMEWORK_SEARCH_PATHS = (
					"$(inherited)",
					"$(PROJECT_DIR)/Spots",
				);
				GCC_PRECOMPILE_PREFIX_HEADER = YES;
				GCC_PREFIX_HEADER = "Spots/Spots-Prefix.pch";
				INFOPLIST_FILE = "Spots/Spots-Info.plist";
				PRODUCT_NAME = "$(TARGET_NAME)";
				PROVISIONING_PROFILE = "";
				WRAPPER_EXTENSION = app;
			};
			name = Debug;
		};
		01805FF3196EC853002E79F6 /* Release */ = {
			isa = XCBuildConfiguration;
			buildSettings = {
				ASSETCATALOG_COMPILER_APPICON_NAME = AppIcon;
				ASSETCATALOG_COMPILER_LAUNCHIMAGE_NAME = LaunchImage;
				CODE_SIGN_IDENTITY = "iPhone Developer";
				"CODE_SIGN_IDENTITY[sdk=iphoneos*]" = "iPhone Developer";
				FRAMEWORK_SEARCH_PATHS = (
					"$(inherited)",
					"$(PROJECT_DIR)/Spots",
				);
				GCC_PRECOMPILE_PREFIX_HEADER = YES;
				GCC_PREFIX_HEADER = "Spots/Spots-Prefix.pch";
				INFOPLIST_FILE = "Spots/Spots-Info.plist";
				PRODUCT_NAME = "$(TARGET_NAME)";
				PROVISIONING_PROFILE = "";
				WRAPPER_EXTENSION = app;
			};
			name = Release;
		};
		01805FF5196EC853002E79F6 /* Debug */ = {
			isa = XCBuildConfiguration;
			buildSettings = {
				BUNDLE_LOADER = "$(BUILT_PRODUCTS_DIR)/Spots.app/Spots";
				FRAMEWORK_SEARCH_PATHS = (
					"$(SDKROOT)/Developer/Library/Frameworks",
					"$(inherited)",
					"$(DEVELOPER_FRAMEWORKS_DIR)",
				);
				GCC_PRECOMPILE_PREFIX_HEADER = YES;
				GCC_PREFIX_HEADER = "Spots/Spots-Prefix.pch";
				GCC_PREPROCESSOR_DEFINITIONS = (
					"DEBUG=1",
					"$(inherited)",
				);
				INFOPLIST_FILE = "SpotsTests/SpotsTests-Info.plist";
				PRODUCT_NAME = "$(TARGET_NAME)";
				TEST_HOST = "$(BUNDLE_LOADER)";
				WRAPPER_EXTENSION = xctest;
			};
			name = Debug;
		};
		01805FF6196EC853002E79F6 /* Release */ = {
			isa = XCBuildConfiguration;
			buildSettings = {
				BUNDLE_LOADER = "$(BUILT_PRODUCTS_DIR)/Spots.app/Spots";
				FRAMEWORK_SEARCH_PATHS = (
					"$(SDKROOT)/Developer/Library/Frameworks",
					"$(inherited)",
					"$(DEVELOPER_FRAMEWORKS_DIR)",
				);
				GCC_PRECOMPILE_PREFIX_HEADER = YES;
				GCC_PREFIX_HEADER = "Spots/Spots-Prefix.pch";
				INFOPLIST_FILE = "SpotsTests/SpotsTests-Info.plist";
				PRODUCT_NAME = "$(TARGET_NAME)";
				TEST_HOST = "$(BUNDLE_LOADER)";
				WRAPPER_EXTENSION = xctest;
			};
			name = Release;
		};
/* End XCBuildConfiguration section */

/* Begin XCConfigurationList section */
		01805FC0196EC853002E79F6 /* Build configuration list for PBXProject "Spots" */ = {
			isa = XCConfigurationList;
			buildConfigurations = (
				01805FEF196EC853002E79F6 /* Debug */,
				01805FF0196EC853002E79F6 /* Release */,
			);
			defaultConfigurationIsVisible = 0;
			defaultConfigurationName = Release;
		};
		01805FF1196EC853002E79F6 /* Build configuration list for PBXNativeTarget "Spots" */ = {
			isa = XCConfigurationList;
			buildConfigurations = (
				01805FF2196EC853002E79F6 /* Debug */,
				01805FF3196EC853002E79F6 /* Release */,
			);
			defaultConfigurationIsVisible = 0;
			defaultConfigurationName = Release;
		};
		01805FF4196EC853002E79F6 /* Build configuration list for PBXNativeTarget "SpotsTests" */ = {
			isa = XCConfigurationList;
			buildConfigurations = (
				01805FF5196EC853002E79F6 /* Debug */,
				01805FF6196EC853002E79F6 /* Release */,
			);
			defaultConfigurationIsVisible = 0;
			defaultConfigurationName = Release;
		};
/* End XCConfigurationList section */
	};
	rootObject = 01805FBD196EC853002E79F6 /* Project object */;
}
