// !$*UTF8*$!
{
	archiveVersion = 1;
	classes = {
	};
	objectVersion = 46;
	objects = {

/* Begin PBXBuildFile section */
		01278AD3196F558900BC013A /* SPWelcomeViewController.m in Sources */ = {isa = PBXBuildFile; fileRef = 01278AD2196F558900BC013A /* SPWelcomeViewController.m */; };
		01278AD9196F593500BC013A /* SPLogInViewController.m in Sources */ = {isa = PBXBuildFile; fileRef = 01278AD8196F593500BC013A /* SPLogInViewController.m */; };
		01278ADC196F5C3900BC013A /* SPUtility.m in Sources */ = {isa = PBXBuildFile; fileRef = 01278ADB196F5C3900BC013A /* SPUtility.m */; };
		01278ADF196F5D1F00BC013A /* SPConstants.m in Sources */ = {isa = PBXBuildFile; fileRef = 01278ADE196F5D1F00BC013A /* SPConstants.m */; };
		01805FC9196EC853002E79F6 /* Foundation.framework in Frameworks */ = {isa = PBXBuildFile; fileRef = 01805FC8196EC853002E79F6 /* Foundation.framework */; };
		01805FCB196EC853002E79F6 /* CoreGraphics.framework in Frameworks */ = {isa = PBXBuildFile; fileRef = 01805FCA196EC853002E79F6 /* CoreGraphics.framework */; };
		01805FCD196EC853002E79F6 /* UIKit.framework in Frameworks */ = {isa = PBXBuildFile; fileRef = 01805FCC196EC853002E79F6 /* UIKit.framework */; };
		01805FD3196EC853002E79F6 /* InfoPlist.strings in Resources */ = {isa = PBXBuildFile; fileRef = 01805FD1196EC853002E79F6 /* InfoPlist.strings */; };
		01805FD5196EC853002E79F6 /* main.m in Sources */ = {isa = PBXBuildFile; fileRef = 01805FD4196EC853002E79F6 /* main.m */; };
		01805FD9196EC853002E79F6 /* AppDelegate.m in Sources */ = {isa = PBXBuildFile; fileRef = 01805FD8196EC853002E79F6 /* AppDelegate.m */; };
		01805FDB196EC853002E79F6 /* Images.xcassets in Resources */ = {isa = PBXBuildFile; fileRef = 01805FDA196EC853002E79F6 /* Images.xcassets */; };
		01805FE2196EC853002E79F6 /* XCTest.framework in Frameworks */ = {isa = PBXBuildFile; fileRef = 01805FE1196EC853002E79F6 /* XCTest.framework */; };
		01805FE3196EC853002E79F6 /* Foundation.framework in Frameworks */ = {isa = PBXBuildFile; fileRef = 01805FC8196EC853002E79F6 /* Foundation.framework */; };
		01805FE4196EC853002E79F6 /* UIKit.framework in Frameworks */ = {isa = PBXBuildFile; fileRef = 01805FCC196EC853002E79F6 /* UIKit.framework */; };
		01805FEC196EC853002E79F6 /* InfoPlist.strings in Resources */ = {isa = PBXBuildFile; fileRef = 01805FEA196EC853002E79F6 /* InfoPlist.strings */; };
		01805FEE196EC853002E79F6 /* SpotsTests.m in Sources */ = {isa = PBXBuildFile; fileRef = 01805FED196EC853002E79F6 /* SpotsTests.m */; };
		01805FFF196EC8BC002E79F6 /* UIImage+AlphaAdditions.m in Sources */ = {isa = PBXBuildFile; fileRef = 01805FFA196EC8BC002E79F6 /* UIImage+AlphaAdditions.m */; };
		01806000196EC8BC002E79F6 /* UIImage+ResizeAdditions.m in Sources */ = {isa = PBXBuildFile; fileRef = 01805FFC196EC8BC002E79F6 /* UIImage+ResizeAdditions.m */; };
		01806001196EC8BC002E79F6 /* UIImage+RoundedCornerAdditions.m in Sources */ = {isa = PBXBuildFile; fileRef = 01805FFE196EC8BC002E79F6 /* UIImage+RoundedCornerAdditions.m */; };
		01806006196EC926002E79F6 /* Reachability.m in Sources */ = {isa = PBXBuildFile; fileRef = 01806005196EC926002E79F6 /* Reachability.m */; };
		01806008196EC97F002E79F6 /* FacebookSDK.framework in Frameworks */ = {isa = PBXBuildFile; fileRef = 01806007196EC97F002E79F6 /* FacebookSDK.framework */; };
		0180600A196EC986002E79F6 /* Parse.framework in Frameworks */ = {isa = PBXBuildFile; fileRef = 01806009196EC986002E79F6 /* Parse.framework */; };
		0180600E196EC9A4002E79F6 /* MBProgressHUD.m in Sources */ = {isa = PBXBuildFile; fileRef = 0180600D196EC9A4002E79F6 /* MBProgressHUD.m */; };
		018060121973590F002E79F6 /* SPSettingsActionSheetDelegate.m in Sources */ = {isa = PBXBuildFile; fileRef = 018060111973590F002E79F6 /* SPSettingsActionSheetDelegate.m */; };
		0180601519735A53002E79F6 /* SPSettingsButtonItem.m in Sources */ = {isa = PBXBuildFile; fileRef = 0180601419735A53002E79F6 /* SPSettingsButtonItem.m */; };
		018060181973685B002E79F6 /* SPCache.m in Sources */ = {isa = PBXBuildFile; fileRef = 018060171973685B002E79F6 /* SPCache.m */; };
		01BD87C81972FB6E00DAC965 /* SPTimelineViewController.m in Sources */ = {isa = PBXBuildFile; fileRef = 01BD87C71972FB6E00DAC965 /* SPTimelineViewController.m */; };
		01BD87CC1972FC4800DAC965 /* SPPhotoHeaderView.m in Sources */ = {isa = PBXBuildFile; fileRef = 01BD87CB1972FC4800DAC965 /* SPPhotoHeaderView.m */; };
		01BD87D019730DA000DAC965 /* SPPhotoCell.m in Sources */ = {isa = PBXBuildFile; fileRef = 01BD87CF19730DA000DAC965 /* SPPhotoCell.m */; };
		01E3ED321971ED35001A9388 /* SPTabBarController.m in Sources */ = {isa = PBXBuildFile; fileRef = 01E3ED311971ED35001A9388 /* SPTabBarController.m */; };
		01E3ED351971EF4F001A9388 /* SPHomeViewController.m in Sources */ = {isa = PBXBuildFile; fileRef = 01E3ED341971EF4F001A9388 /* SPHomeViewController.m */; };
		01E3ED391971F088001A9388 /* SPDiscoverViewController.m in Sources */ = {isa = PBXBuildFile; fileRef = 01E3ED381971F088001A9388 /* SPDiscoverViewController.m */; };
/* End PBXBuildFile section */

/* Begin PBXContainerItemProxy section */
		01805FE5196EC853002E79F6 /* PBXContainerItemProxy */ = {
			isa = PBXContainerItemProxy;
			containerPortal = 01805FBD196EC853002E79F6 /* Project object */;
			proxyType = 1;
			remoteGlobalIDString = 01805FC4196EC853002E79F6;
			remoteInfo = Spots;
		};
/* End PBXContainerItemProxy section */

/* Begin PBXFileReference section */
		01278AD1196F558900BC013A /* SPWelcomeViewController.h */ = {isa = PBXFileReference; fileEncoding = 4; lastKnownFileType = sourcecode.c.h; path = SPWelcomeViewController.h; sourceTree = "<group>"; };
		01278AD2196F558900BC013A /* SPWelcomeViewController.m */ = {isa = PBXFileReference; fileEncoding = 4; lastKnownFileType = sourcecode.c.objc; path = SPWelcomeViewController.m; sourceTree = "<group>"; };
		01278AD7196F593500BC013A /* SPLogInViewController.h */ = {isa = PBXFileReference; fileEncoding = 4; lastKnownFileType = sourcecode.c.h; path = SPLogInViewController.h; sourceTree = "<group>"; };
		01278AD8196F593500BC013A /* SPLogInViewController.m */ = {isa = PBXFileReference; fileEncoding = 4; lastKnownFileType = sourcecode.c.objc; path = SPLogInViewController.m; sourceTree = "<group>"; };
		01278ADA196F5C3900BC013A /* SPUtility.h */ = {isa = PBXFileReference; fileEncoding = 4; lastKnownFileType = sourcecode.c.h; path = SPUtility.h; sourceTree = "<group>"; };
		01278ADB196F5C3900BC013A /* SPUtility.m */ = {isa = PBXFileReference; fileEncoding = 4; lastKnownFileType = sourcecode.c.objc; path = SPUtility.m; sourceTree = "<group>"; };
		01278ADD196F5D1F00BC013A /* SPConstants.h */ = {isa = PBXFileReference; fileEncoding = 4; lastKnownFileType = sourcecode.c.h; path = SPConstants.h; sourceTree = "<group>"; };
		01278ADE196F5D1F00BC013A /* SPConstants.m */ = {isa = PBXFileReference; fileEncoding = 4; lastKnownFileType = sourcecode.c.objc; path = SPConstants.m; sourceTree = "<group>"; };
		01805FC5196EC853002E79F6 /* Spots.app */ = {isa = PBXFileReference; explicitFileType = wrapper.application; includeInIndex = 0; path = Spots.app; sourceTree = BUILT_PRODUCTS_DIR; };
		01805FC8196EC853002E79F6 /* Foundation.framework */ = {isa = PBXFileReference; lastKnownFileType = wrapper.framework; name = Foundation.framework; path = System/Library/Frameworks/Foundation.framework; sourceTree = SDKROOT; };
		01805FCA196EC853002E79F6 /* CoreGraphics.framework */ = {isa = PBXFileReference; lastKnownFileType = wrapper.framework; name = CoreGraphics.framework; path = System/Library/Frameworks/CoreGraphics.framework; sourceTree = SDKROOT; };
		01805FCC196EC853002E79F6 /* UIKit.framework */ = {isa = PBXFileReference; lastKnownFileType = wrapper.framework; name = UIKit.framework; path = System/Library/Frameworks/UIKit.framework; sourceTree = SDKROOT; };
		01805FD0196EC853002E79F6 /* Spots-Info.plist */ = {isa = PBXFileReference; lastKnownFileType = text.plist.xml; path = "Spots-Info.plist"; sourceTree = "<group>"; };
		01805FD2196EC853002E79F6 /* en */ = {isa = PBXFileReference; lastKnownFileType = text.plist.strings; name = en; path = en.lproj/InfoPlist.strings; sourceTree = "<group>"; };
		01805FD4196EC853002E79F6 /* main.m */ = {isa = PBXFileReference; lastKnownFileType = sourcecode.c.objc; path = main.m; sourceTree = "<group>"; };
		01805FD6196EC853002E79F6 /* Spots-Prefix.pch */ = {isa = PBXFileReference; lastKnownFileType = sourcecode.c.h; path = "Spots-Prefix.pch"; sourceTree = "<group>"; };
		01805FD7196EC853002E79F6 /* AppDelegate.h */ = {isa = PBXFileReference; lastKnownFileType = sourcecode.c.h; path = AppDelegate.h; sourceTree = "<group>"; };
		01805FD8196EC853002E79F6 /* AppDelegate.m */ = {isa = PBXFileReference; lastKnownFileType = sourcecode.c.objc; path = AppDelegate.m; sourceTree = "<group>"; };
		01805FDA196EC853002E79F6 /* Images.xcassets */ = {isa = PBXFileReference; lastKnownFileType = folder.assetcatalog; path = Images.xcassets; sourceTree = "<group>"; };
		01805FE0196EC853002E79F6 /* SpotsTests.xctest */ = {isa = PBXFileReference; explicitFileType = wrapper.cfbundle; includeInIndex = 0; path = SpotsTests.xctest; sourceTree = BUILT_PRODUCTS_DIR; };
		01805FE1196EC853002E79F6 /* XCTest.framework */ = {isa = PBXFileReference; lastKnownFileType = wrapper.framework; name = XCTest.framework; path = Library/Frameworks/XCTest.framework; sourceTree = DEVELOPER_DIR; };
		01805FE9196EC853002E79F6 /* SpotsTests-Info.plist */ = {isa = PBXFileReference; lastKnownFileType = text.plist.xml; path = "SpotsTests-Info.plist"; sourceTree = "<group>"; };
		01805FEB196EC853002E79F6 /* en */ = {isa = PBXFileReference; lastKnownFileType = text.plist.strings; name = en; path = en.lproj/InfoPlist.strings; sourceTree = "<group>"; };
		01805FED196EC853002E79F6 /* SpotsTests.m */ = {isa = PBXFileReference; lastKnownFileType = sourcecode.c.objc; path = SpotsTests.m; sourceTree = "<group>"; };
		01805FF9196EC8BC002E79F6 /* UIImage+AlphaAdditions.h */ = {isa = PBXFileReference; fileEncoding = 4; lastKnownFileType = sourcecode.c.h; path = "UIImage+AlphaAdditions.h"; sourceTree = "<group>"; };
		01805FFA196EC8BC002E79F6 /* UIImage+AlphaAdditions.m */ = {isa = PBXFileReference; fileEncoding = 4; lastKnownFileType = sourcecode.c.objc; path = "UIImage+AlphaAdditions.m"; sourceTree = "<group>"; };
		01805FFB196EC8BC002E79F6 /* UIImage+ResizeAdditions.h */ = {isa = PBXFileReference; fileEncoding = 4; lastKnownFileType = sourcecode.c.h; path = "UIImage+ResizeAdditions.h"; sourceTree = "<group>"; };
		01805FFC196EC8BC002E79F6 /* UIImage+ResizeAdditions.m */ = {isa = PBXFileReference; fileEncoding = 4; lastKnownFileType = sourcecode.c.objc; path = "UIImage+ResizeAdditions.m"; sourceTree = "<group>"; };
		01805FFD196EC8BC002E79F6 /* UIImage+RoundedCornerAdditions.h */ = {isa = PBXFileReference; fileEncoding = 4; lastKnownFileType = sourcecode.c.h; path = "UIImage+RoundedCornerAdditions.h"; sourceTree = "<group>"; };
		01805FFE196EC8BC002E79F6 /* UIImage+RoundedCornerAdditions.m */ = {isa = PBXFileReference; fileEncoding = 4; lastKnownFileType = sourcecode.c.objc; path = "UIImage+RoundedCornerAdditions.m"; sourceTree = "<group>"; };
		01806004196EC926002E79F6 /* Reachability.h */ = {isa = PBXFileReference; fileEncoding = 4; lastKnownFileType = sourcecode.c.h; path = Reachability.h; sourceTree = "<group>"; };
		01806005196EC926002E79F6 /* Reachability.m */ = {isa = PBXFileReference; fileEncoding = 4; lastKnownFileType = sourcecode.c.objc; path = Reachability.m; sourceTree = "<group>"; };
		01806007196EC97F002E79F6 /* FacebookSDK.framework */ = {isa = PBXFileReference; lastKnownFileType = wrapper.framework; path = FacebookSDK.framework; sourceTree = "<group>"; };
		01806009196EC986002E79F6 /* Parse.framework */ = {isa = PBXFileReference; lastKnownFileType = wrapper.framework; path = Parse.framework; sourceTree = "<group>"; };
		0180600C196EC9A4002E79F6 /* MBProgressHUD.h */ = {isa = PBXFileReference; fileEncoding = 4; lastKnownFileType = sourcecode.c.h; path = MBProgressHUD.h; sourceTree = "<group>"; };
		0180600D196EC9A4002E79F6 /* MBProgressHUD.m */ = {isa = PBXFileReference; fileEncoding = 4; lastKnownFileType = sourcecode.c.objc; path = MBProgressHUD.m; sourceTree = "<group>"; };
		018060101973590F002E79F6 /* SPSettingsActionSheetDelegate.h */ = {isa = PBXFileReference; fileEncoding = 4; lastKnownFileType = sourcecode.c.h; path = SPSettingsActionSheetDelegate.h; sourceTree = "<group>"; };
		018060111973590F002E79F6 /* SPSettingsActionSheetDelegate.m */ = {isa = PBXFileReference; fileEncoding = 4; lastKnownFileType = sourcecode.c.objc; path = SPSettingsActionSheetDelegate.m; sourceTree = "<group>"; };
		0180601319735A53002E79F6 /* SPSettingsButtonItem.h */ = {isa = PBXFileReference; fileEncoding = 4; lastKnownFileType = sourcecode.c.h; path = SPSettingsButtonItem.h; sourceTree = "<group>"; };
		0180601419735A53002E79F6 /* SPSettingsButtonItem.m */ = {isa = PBXFileReference; fileEncoding = 4; lastKnownFileType = sourcecode.c.objc; path = SPSettingsButtonItem.m; sourceTree = "<group>"; };
		018060161973685B002E79F6 /* SPCache.h */ = {isa = PBXFileReference; fileEncoding = 4; lastKnownFileType = sourcecode.c.h; path = SPCache.h; sourceTree = "<group>"; };
		018060171973685B002E79F6 /* SPCache.m */ = {isa = PBXFileReference; fileEncoding = 4; lastKnownFileType = sourcecode.c.objc; path = SPCache.m; sourceTree = "<group>"; };
		01BD87C61972FB6E00DAC965 /* SPTimelineViewController.h */ = {isa = PBXFileReference; fileEncoding = 4; lastKnownFileType = sourcecode.c.h; path = SPTimelineViewController.h; sourceTree = "<group>"; };
		01BD87C71972FB6E00DAC965 /* SPTimelineViewController.m */ = {isa = PBXFileReference; fileEncoding = 4; lastKnownFileType = sourcecode.c.objc; path = SPTimelineViewController.m; sourceTree = "<group>"; };
		01BD87CA1972FC4800DAC965 /* SPPhotoHeaderView.h */ = {isa = PBXFileReference; fileEncoding = 4; lastKnownFileType = sourcecode.c.h; path = SPPhotoHeaderView.h; sourceTree = "<group>"; };
		01BD87CB1972FC4800DAC965 /* SPPhotoHeaderView.m */ = {isa = PBXFileReference; fileEncoding = 4; lastKnownFileType = sourcecode.c.objc; path = SPPhotoHeaderView.m; sourceTree = "<group>"; };
		01BD87CE19730DA000DAC965 /* SPPhotoCell.h */ = {isa = PBXFileReference; fileEncoding = 4; lastKnownFileType = sourcecode.c.h; path = SPPhotoCell.h; sourceTree = "<group>"; };
		01BD87CF19730DA000DAC965 /* SPPhotoCell.m */ = {isa = PBXFileReference; fileEncoding = 4; lastKnownFileType = sourcecode.c.objc; path = SPPhotoCell.m; sourceTree = "<group>"; };
		01E3ED301971ED35001A9388 /* SPTabBarController.h */ = {isa = PBXFileReference; fileEncoding = 4; lastKnownFileType = sourcecode.c.h; path = SPTabBarController.h; sourceTree = "<group>"; };
		01E3ED311971ED35001A9388 /* SPTabBarController.m */ = {isa = PBXFileReference; fileEncoding = 4; lastKnownFileType = sourcecode.c.objc; path = SPTabBarController.m; sourceTree = "<group>"; };
		01E3ED331971EF4F001A9388 /* SPHomeViewController.h */ = {isa = PBXFileReference; fileEncoding = 4; lastKnownFileType = sourcecode.c.h; path = SPHomeViewController.h; sourceTree = "<group>"; };
		01E3ED341971EF4F001A9388 /* SPHomeViewController.m */ = {isa = PBXFileReference; fileEncoding = 4; lastKnownFileType = sourcecode.c.objc; path = SPHomeViewController.m; sourceTree = "<group>"; };
		01E3ED371971F088001A9388 /* SPDiscoverViewController.h */ = {isa = PBXFileReference; fileEncoding = 4; lastKnownFileType = sourcecode.c.h; path = SPDiscoverViewController.h; sourceTree = "<group>"; };
		01E3ED381971F088001A9388 /* SPDiscoverViewController.m */ = {isa = PBXFileReference; fileEncoding = 4; lastKnownFileType = sourcecode.c.objc; path = SPDiscoverViewController.m; sourceTree = "<group>"; };
/* End PBXFileReference section */

/* Begin PBXFrameworksBuildPhase section */
		01805FC2196EC853002E79F6 /* Frameworks */ = {
			isa = PBXFrameworksBuildPhase;
			buildActionMask = 2147483647;
			files = (
				01805FCB196EC853002E79F6 /* CoreGraphics.framework in Frameworks */,
				01806008196EC97F002E79F6 /* FacebookSDK.framework in Frameworks */,
				01805FCD196EC853002E79F6 /* UIKit.framework in Frameworks */,
				01805FC9196EC853002E79F6 /* Foundation.framework in Frameworks */,
				0180600A196EC986002E79F6 /* Parse.framework in Frameworks */,
			);
			runOnlyForDeploymentPostprocessing = 0;
		};
		01805FDD196EC853002E79F6 /* Frameworks */ = {
			isa = PBXFrameworksBuildPhase;
			buildActionMask = 2147483647;
			files = (
				01805FE2196EC853002E79F6 /* XCTest.framework in Frameworks */,
				01805FE4196EC853002E79F6 /* UIKit.framework in Frameworks */,
				01805FE3196EC853002E79F6 /* Foundation.framework in Frameworks */,
			);
			runOnlyForDeploymentPostprocessing = 0;
		};
/* End PBXFrameworksBuildPhase section */

/* Begin PBXGroup section */
		01278ACC196F54B200BC013A /* Controllers */ = {
			isa = PBXGroup;
			children = (
				0180600F197358F4002E79F6 /* Settings */,
				01E3ED361971F071001A9388 /* Discover */,
				01E3ED301971ED35001A9388 /* SPTabBarController.h */,
				01E3ED311971ED35001A9388 /* SPTabBarController.m */,
				01E3ED2F1971ED1D001A9388 /* Home */,
				01278ACD196F54D800BC013A /* Login */,
			);
			name = Controllers;
			sourceTree = "<group>";
		};
		01278ACD196F54D800BC013A /* Login */ = {
			isa = PBXGroup;
			children = (
				01278AD1196F558900BC013A /* SPWelcomeViewController.h */,
				01278AD2196F558900BC013A /* SPWelcomeViewController.m */,
				01278AD7196F593500BC013A /* SPLogInViewController.h */,
				01278AD8196F593500BC013A /* SPLogInViewController.m */,
			);
			name = Login;
			sourceTree = "<group>";
		};
		01805FBC196EC853002E79F6 = {
			isa = PBXGroup;
			children = (
				01805FCE196EC853002E79F6 /* Spots */,
				01805FE7196EC853002E79F6 /* SpotsTests */,
				01805FC7196EC853002E79F6 /* Frameworks */,
				01805FC6196EC853002E79F6 /* Products */,
			);
			sourceTree = "<group>";
		};
		01805FC6196EC853002E79F6 /* Products */ = {
			isa = PBXGroup;
			children = (
				01805FC5196EC853002E79F6 /* Spots.app */,
				01805FE0196EC853002E79F6 /* SpotsTests.xctest */,
			);
			name = Products;
			sourceTree = "<group>";
		};
		01805FC7196EC853002E79F6 /* Frameworks */ = {
			isa = PBXGroup;
			children = (
				01805FC8196EC853002E79F6 /* Foundation.framework */,
				01805FCA196EC853002E79F6 /* CoreGraphics.framework */,
				01805FCC196EC853002E79F6 /* UIKit.framework */,
				01805FE1196EC853002E79F6 /* XCTest.framework */,
			);
			name = Frameworks;
			sourceTree = "<group>";
		};
		01805FCE196EC853002E79F6 /* Spots */ = {
			isa = PBXGroup;
			children = (
				01278ACC196F54B200BC013A /* Controllers */,
				01806002196EC905002E79F6 /* Vendor */,
				01805FF8196EC8AA002E79F6 /* Categories */,
				01805FF7196EC8A2002E79F6 /* Views */,
				01805FD7196EC853002E79F6 /* AppDelegate.h */,
				01805FD8196EC853002E79F6 /* AppDelegate.m */,
				01805FDA196EC853002E79F6 /* Images.xcassets */,
				01805FCF196EC853002E79F6 /* Supporting Files */,
				01278ADA196F5C3900BC013A /* SPUtility.h */,
				01278ADB196F5C3900BC013A /* SPUtility.m */,
				01278ADD196F5D1F00BC013A /* SPConstants.h */,
				01278ADE196F5D1F00BC013A /* SPConstants.m */,
				018060161973685B002E79F6 /* SPCache.h */,
				018060171973685B002E79F6 /* SPCache.m */,
			);
			path = Spots;
			sourceTree = "<group>";
		};
		01805FCF196EC853002E79F6 /* Supporting Files */ = {
			isa = PBXGroup;
			children = (
				01805FD0196EC853002E79F6 /* Spots-Info.plist */,
				01805FD1196EC853002E79F6 /* InfoPlist.strings */,
				01805FD4196EC853002E79F6 /* main.m */,
				01805FD6196EC853002E79F6 /* Spots-Prefix.pch */,
			);
			name = "Supporting Files";
			sourceTree = "<group>";
		};
		01805FE7196EC853002E79F6 /* SpotsTests */ = {
			isa = PBXGroup;
			children = (
				01805FED196EC853002E79F6 /* SpotsTests.m */,
				01805FE8196EC853002E79F6 /* Supporting Files */,
			);
			path = SpotsTests;
			sourceTree = "<group>";
		};
		01805FE8196EC853002E79F6 /* Supporting Files */ = {
			isa = PBXGroup;
			children = (
				01805FE9196EC853002E79F6 /* SpotsTests-Info.plist */,
				01805FEA196EC853002E79F6 /* InfoPlist.strings */,
			);
			name = "Supporting Files";
			sourceTree = "<group>";
		};
		01805FF7196EC8A2002E79F6 /* Views */ = {
			isa = PBXGroup;
			children = (
				01BD87CD19730D8800DAC965 /* UITableViewCells */,
				01BD87C91972FC0500DAC965 /* TimelineViews */,
				0180601319735A53002E79F6 /* SPSettingsButtonItem.h */,
				0180601419735A53002E79F6 /* SPSettingsButtonItem.m */,
			);
			name = Views;
			sourceTree = "<group>";
		};
		01805FF8196EC8AA002E79F6 /* Categories */ = {
			isa = PBXGroup;
			children = (
				01805FF9196EC8BC002E79F6 /* UIImage+AlphaAdditions.h */,
				01805FFA196EC8BC002E79F6 /* UIImage+AlphaAdditions.m */,
				01805FFB196EC8BC002E79F6 /* UIImage+ResizeAdditions.h */,
				01805FFC196EC8BC002E79F6 /* UIImage+ResizeAdditions.m */,
				01805FFD196EC8BC002E79F6 /* UIImage+RoundedCornerAdditions.h */,
				01805FFE196EC8BC002E79F6 /* UIImage+RoundedCornerAdditions.m */,
			);
			name = Categories;
			sourceTree = "<group>";
		};
		01806002196EC905002E79F6 /* Vendor */ = {
			isa = PBXGroup;
			children = (
				0180600B196EC996002E79F6 /* MBProgressHUD */,
				01806009196EC986002E79F6 /* Parse.framework */,
				01806007196EC97F002E79F6 /* FacebookSDK.framework */,
				01806003196EC91B002E79F6 /* Reachability */,
			);
			name = Vendor;
			sourceTree = "<group>";
		};
		01806003196EC91B002E79F6 /* Reachability */ = {
			isa = PBXGroup;
			children = (
				01806004196EC926002E79F6 /* Reachability.h */,
				01806005196EC926002E79F6 /* Reachability.m */,
			);
			name = Reachability;
			sourceTree = "<group>";
		};
		0180600B196EC996002E79F6 /* MBProgressHUD */ = {
			isa = PBXGroup;
			children = (
				0180600C196EC9A4002E79F6 /* MBProgressHUD.h */,
				0180600D196EC9A4002E79F6 /* MBProgressHUD.m */,
			);
			name = MBProgressHUD;
			sourceTree = "<group>";
		};
		0180600F197358F4002E79F6 /* Settings */ = {
			isa = PBXGroup;
			children = (
				018060101973590F002E79F6 /* SPSettingsActionSheetDelegate.h */,
				018060111973590F002E79F6 /* SPSettingsActionSheetDelegate.m */,
			);
			name = Settings;
			sourceTree = "<group>";
		};
		01BD87C91972FC0500DAC965 /* TimelineViews */ = {
			isa = PBXGroup;
			children = (
				01BD87CA1972FC4800DAC965 /* SPPhotoHeaderView.h */,
				01BD87CB1972FC4800DAC965 /* SPPhotoHeaderView.m */,
			);
			name = TimelineViews;
			sourceTree = "<group>";
		};
		01BD87CD19730D8800DAC965 /* UITableViewCells */ = {
			isa = PBXGroup;
			children = (
				01BD87CE19730DA000DAC965 /* SPPhotoCell.h */,
				01BD87CF19730DA000DAC965 /* SPPhotoCell.m */,
			);
			name = UITableViewCells;
			sourceTree = "<group>";
		};
		01E3ED2F1971ED1D001A9388 /* Home */ = {
			isa = PBXGroup;
			children = (
				01E3ED331971EF4F001A9388 /* SPHomeViewController.h */,
				01E3ED341971EF4F001A9388 /* SPHomeViewController.m */,
				01BD87C61972FB6E00DAC965 /* SPTimelineViewController.h */,
				01BD87C71972FB6E00DAC965 /* SPTimelineViewController.m */,
			);
			name = Home;
			sourceTree = "<group>";
		};
		01E3ED361971F071001A9388 /* Discover */ = {
			isa = PBXGroup;
			children = (
				01E3ED371971F088001A9388 /* SPDiscoverViewController.h */,
				01E3ED381971F088001A9388 /* SPDiscoverViewController.m */,
			);
			name = Discover;
			sourceTree = "<group>";
		};
/* End PBXGroup section */

/* Begin PBXNativeTarget section */
		01805FC4196EC853002E79F6 /* Spots */ = {
			isa = PBXNativeTarget;
			buildConfigurationList = 01805FF1196EC853002E79F6 /* Build configuration list for PBXNativeTarget "Spots" */;
			buildPhases = (
				01805FC1196EC853002E79F6 /* Sources */,
				01805FC2196EC853002E79F6 /* Frameworks */,
				01805FC3196EC853002E79F6 /* Resources */,
			);
			buildRules = (
			);
			dependencies = (
			);
			name = Spots;
			productName = Spots;
			productReference = 01805FC5196EC853002E79F6 /* Spots.app */;
			productType = "com.apple.product-type.application";
		};
		01805FDF196EC853002E79F6 /* SpotsTests */ = {
			isa = PBXNativeTarget;
			buildConfigurationList = 01805FF4196EC853002E79F6 /* Build configuration list for PBXNativeTarget "SpotsTests" */;
			buildPhases = (
				01805FDC196EC853002E79F6 /* Sources */,
				01805FDD196EC853002E79F6 /* Frameworks */,
				01805FDE196EC853002E79F6 /* Resources */,
			);
			buildRules = (
			);
			dependencies = (
				01805FE6196EC853002E79F6 /* PBXTargetDependency */,
			);
			name = SpotsTests;
			productName = SpotsTests;
			productReference = 01805FE0196EC853002E79F6 /* SpotsTests.xctest */;
			productType = "com.apple.product-type.bundle.unit-test";
		};
/* End PBXNativeTarget section */

/* Begin PBXProject section */
		01805FBD196EC853002E79F6 /* Project object */ = {
			isa = PBXProject;
			attributes = {
				LastUpgradeCheck = 0510;
				ORGANIZATIONNAME = NickSpitale;
				TargetAttributes = {
					01805FDF196EC853002E79F6 = {
						TestTargetID = 01805FC4196EC853002E79F6;
					};
				};
			};
			buildConfigurationList = 01805FC0196EC853002E79F6 /* Build configuration list for PBXProject "Spots" */;
			compatibilityVersion = "Xcode 3.2";
			developmentRegion = English;
			hasScannedForEncodings = 0;
			knownRegions = (
				en,
			);
			mainGroup = 01805FBC196EC853002E79F6;
			productRefGroup = 01805FC6196EC853002E79F6 /* Products */;
			projectDirPath = "";
			projectRoot = "";
			targets = (
				01805FC4196EC853002E79F6 /* Spots */,
				01805FDF196EC853002E79F6 /* SpotsTests */,
			);
		};
/* End PBXProject section */

/* Begin PBXResourcesBuildPhase section */
		01805FC3196EC853002E79F6 /* Resources */ = {
			isa = PBXResourcesBuildPhase;
			buildActionMask = 2147483647;
			files = (
				01805FD3196EC853002E79F6 /* InfoPlist.strings in Resources */,
				01805FDB196EC853002E79F6 /* Images.xcassets in Resources */,
			);
			runOnlyForDeploymentPostprocessing = 0;
		};
		01805FDE196EC853002E79F6 /* Resources */ = {
			isa = PBXResourcesBuildPhase;
			buildActionMask = 2147483647;
			files = (
				01805FEC196EC853002E79F6 /* InfoPlist.strings in Resources */,
			);
			runOnlyForDeploymentPostprocessing = 0;
		};
/* End PBXResourcesBuildPhase section */

/* Begin PBXSourcesBuildPhase section */
		01805FC1196EC853002E79F6 /* Sources */ = {
			isa = PBXSourcesBuildPhase;
			buildActionMask = 2147483647;
			files = (
				01806001196EC8BC002E79F6 /* UIImage+RoundedCornerAdditions.m in Sources */,
				01805FFF196EC8BC002E79F6 /* UIImage+AlphaAdditions.m in Sources */,
				018060121973590F002E79F6 /* SPSettingsActionSheetDelegate.m in Sources */,
				018060181973685B002E79F6 /* SPCache.m in Sources */,
				01278AD9196F593500BC013A /* SPLogInViewController.m in Sources */,
				01BD87C81972FB6E00DAC965 /* SPTimelineViewController.m in Sources */,
				01E3ED321971ED35001A9388 /* SPTabBarController.m in Sources */,
				01278ADF196F5D1F00BC013A /* SPConstants.m in Sources */,
				01278AD3196F558900BC013A /* SPWelcomeViewController.m in Sources */,
				01E3ED351971EF4F001A9388 /* SPHomeViewController.m in Sources */,
				01806000196EC8BC002E79F6 /* UIImage+ResizeAdditions.m in Sources */,
				01278ADC196F5C3900BC013A /* SPUtility.m in Sources */,
				01BD87D019730DA000DAC965 /* SPPhotoCell.m in Sources */,
				01805FD9196EC853002E79F6 /* AppDelegate.m in Sources */,
				01E3ED391971F088001A9388 /* SPDiscoverViewController.m in Sources */,
				01806006196EC926002E79F6 /* Reachability.m in Sources */,
				01805FD5196EC853002E79F6 /* main.m in Sources */,
				0180601519735A53002E79F6 /* SPSettingsButtonItem.m in Sources */,
				0180600E196EC9A4002E79F6 /* MBProgressHUD.m in Sources */,
				01BD87CC1972FC4800DAC965 /* SPPhotoHeaderView.m in Sources */,
			);
			runOnlyForDeploymentPostprocessing = 0;
		};
		01805FDC196EC853002E79F6 /* Sources */ = {
			isa = PBXSourcesBuildPhase;
			buildActionMask = 2147483647;
			files = (
				01805FEE196EC853002E79F6 /* SpotsTests.m in Sources */,
			);
			runOnlyForDeploymentPostprocessing = 0;
		};
/* End PBXSourcesBuildPhase section */

/* Begin PBXTargetDependency section */
		01805FE6196EC853002E79F6 /* PBXTargetDependency */ = {
			isa = PBXTargetDependency;
			target = 01805FC4196EC853002E79F6 /* Spots */;
			targetProxy = 01805FE5196EC853002E79F6 /* PBXContainerItemProxy */;
		};
/* End PBXTargetDependency section */

/* Begin PBXVariantGroup section */
		01805FD1196EC853002E79F6 /* InfoPlist.strings */ = {
			isa = PBXVariantGroup;
			children = (
				01805FD2196EC853002E79F6 /* en */,
			);
			name = InfoPlist.strings;
			sourceTree = "<group>";
		};
		01805FEA196EC853002E79F6 /* InfoPlist.strings */ = {
			isa = PBXVariantGroup;
			children = (
				01805FEB196EC853002E79F6 /* en */,
			);
			name = InfoPlist.strings;
			sourceTree = "<group>";
		};
/* End PBXVariantGroup section */

/* Begin XCBuildConfiguration section */
		01805FEF196EC853002E79F6 /* Debug */ = {
			isa = XCBuildConfiguration;
			buildSettings = {
				ALWAYS_SEARCH_USER_PATHS = NO;
				CLANG_CXX_LANGUAGE_STANDARD = "gnu++0x";
				CLANG_CXX_LIBRARY = "libc++";
				CLANG_ENABLE_MODULES = YES;
				CLANG_ENABLE_OBJC_ARC = YES;
				CLANG_WARN_BOOL_CONVERSION = YES;
				CLANG_WARN_CONSTANT_CONVERSION = YES;
				CLANG_WARN_DIRECT_OBJC_ISA_USAGE = YES_ERROR;
				CLANG_WARN_EMPTY_BODY = YES;
				CLANG_WARN_ENUM_CONVERSION = YES;
				CLANG_WARN_INT_CONVERSION = YES;
				CLANG_WARN_OBJC_ROOT_CLASS = YES_ERROR;
				CLANG_WARN__DUPLICATE_METHOD_MATCH = YES;
				"CODE_SIGN_IDENTITY[sdk=iphoneos*]" = "iPhone Developer";
				COPY_PHASE_STRIP = NO;
				GCC_C_LANGUAGE_STANDARD = gnu99;
				GCC_DYNAMIC_NO_PIC = NO;
				GCC_OPTIMIZATION_LEVEL = 0;
				GCC_PREPROCESSOR_DEFINITIONS = (
					"DEBUG=1",
					"$(inherited)",
				);
				GCC_SYMBOLS_PRIVATE_EXTERN = NO;
				GCC_WARN_64_TO_32_BIT_CONVERSION = YES;
				GCC_WARN_ABOUT_RETURN_TYPE = YES_ERROR;
				GCC_WARN_UNDECLARED_SELECTOR = YES;
				GCC_WARN_UNINITIALIZED_AUTOS = YES_AGGRESSIVE;
				GCC_WARN_UNUSED_FUNCTION = YES;
				GCC_WARN_UNUSED_VARIABLE = YES;
				IPHONEOS_DEPLOYMENT_TARGET = 7.1;
				ONLY_ACTIVE_ARCH = YES;
				SDKROOT = iphoneos;
				TARGETED_DEVICE_FAMILY = "1,2";
			};
			name = Debug;
		};
		01805FF0196EC853002E79F6 /* Release */ = {
			isa = XCBuildConfiguration;
			buildSettings = {
				ALWAYS_SEARCH_USER_PATHS = NO;
				CLANG_CXX_LANGUAGE_STANDARD = "gnu++0x";
				CLANG_CXX_LIBRARY = "libc++";
				CLANG_ENABLE_MODULES = YES;
				CLANG_ENABLE_OBJC_ARC = YES;
				CLANG_WARN_BOOL_CONVERSION = YES;
				CLANG_WARN_CONSTANT_CONVERSION = YES;
				CLANG_WARN_DIRECT_OBJC_ISA_USAGE = YES_ERROR;
				CLANG_WARN_EMPTY_BODY = YES;
				CLANG_WARN_ENUM_CONVERSION = YES;
				CLANG_WARN_INT_CONVERSION = YES;
				CLANG_WARN_OBJC_ROOT_CLASS = YES_ERROR;
				CLANG_WARN__DUPLICATE_METHOD_MATCH = YES;
				"CODE_SIGN_IDENTITY[sdk=iphoneos*]" = "iPhone Developer";
				COPY_PHASE_STRIP = YES;
				ENABLE_NS_ASSERTIONS = NO;
				GCC_C_LANGUAGE_STANDARD = gnu99;
				GCC_WARN_64_TO_32_BIT_CONVERSION = YES;
				GCC_WARN_ABOUT_RETURN_TYPE = YES_ERROR;
				GCC_WARN_UNDECLARED_SELECTOR = YES;
				GCC_WARN_UNINITIALIZED_AUTOS = YES_AGGRESSIVE;
				GCC_WARN_UNUSED_FUNCTION = YES;
				GCC_WARN_UNUSED_VARIABLE = YES;
				IPHONEOS_DEPLOYMENT_TARGET = 7.1;
				SDKROOT = iphoneos;
				TARGETED_DEVICE_FAMILY = "1,2";
				VALIDATE_PRODUCT = YES;
			};
			name = Release;
		};
		01805FF2196EC853002E79F6 /* Debug */ = {
			isa = XCBuildConfiguration;
			buildSettings = {
				ASSETCATALOG_COMPILER_APPICON_NAME = AppIcon;
				ASSETCATALOG_COMPILER_LAUNCHIMAGE_NAME = LaunchImage;
				FRAMEWORK_SEARCH_PATHS = (
					"$(inherited)",
					"$(PROJECT_DIR)/Spots",
				);
				GCC_PRECOMPILE_PREFIX_HEADER = YES;
				GCC_PREFIX_HEADER = "Spots/Spots-Prefix.pch";
				INFOPLIST_FILE = "Spots/Spots-Info.plist";
				PRODUCT_NAME = "$(TARGET_NAME)";
				WRAPPER_EXTENSION = app;
			};
			name = Debug;
		};
		01805FF3196EC853002E79F6 /* Release */ = {
			isa = XCBuildConfiguration;
			buildSettings = {
				ASSETCATALOG_COMPILER_APPICON_NAME = AppIcon;
				ASSETCATALOG_COMPILER_LAUNCHIMAGE_NAME = LaunchImage;
				FRAMEWORK_SEARCH_PATHS = (
					"$(inherited)",
					"$(PROJECT_DIR)/Spots",
				);
				GCC_PRECOMPILE_PREFIX_HEADER = YES;
				GCC_PREFIX_HEADER = "Spots/Spots-Prefix.pch";
				INFOPLIST_FILE = "Spots/Spots-Info.plist";
				PRODUCT_NAME = "$(TARGET_NAME)";
				WRAPPER_EXTENSION = app;
			};
			name = Release;
		};
		01805FF5196EC853002E79F6 /* Debug */ = {
			isa = XCBuildConfiguration;
			buildSettings = {
				BUNDLE_LOADER = "$(BUILT_PRODUCTS_DIR)/Spots.app/Spots";
				FRAMEWORK_SEARCH_PATHS = (
					"$(SDKROOT)/Developer/Library/Frameworks",
					"$(inherited)",
					"$(DEVELOPER_FRAMEWORKS_DIR)",
				);
				GCC_PRECOMPILE_PREFIX_HEADER = YES;
				GCC_PREFIX_HEADER = "Spots/Spots-Prefix.pch";
				GCC_PREPROCESSOR_DEFINITIONS = (
					"DEBUG=1",
					"$(inherited)",
				);
				INFOPLIST_FILE = "SpotsTests/SpotsTests-Info.plist";
				PRODUCT_NAME = "$(TARGET_NAME)";
				TEST_HOST = "$(BUNDLE_LOADER)";
				WRAPPER_EXTENSION = xctest;
			};
			name = Debug;
		};
		01805FF6196EC853002E79F6 /* Release */ = {
			isa = XCBuildConfiguration;
			buildSettings = {
				BUNDLE_LOADER = "$(BUILT_PRODUCTS_DIR)/Spots.app/Spots";
				FRAMEWORK_SEARCH_PATHS = (
					"$(SDKROOT)/Developer/Library/Frameworks",
					"$(inherited)",
					"$(DEVELOPER_FRAMEWORKS_DIR)",
				);
				GCC_PRECOMPILE_PREFIX_HEADER = YES;
				GCC_PREFIX_HEADER = "Spots/Spots-Prefix.pch";
				INFOPLIST_FILE = "SpotsTests/SpotsTests-Info.plist";
				PRODUCT_NAME = "$(TARGET_NAME)";
				TEST_HOST = "$(BUNDLE_LOADER)";
				WRAPPER_EXTENSION = xctest;
			};
			name = Release;
		};
/* End XCBuildConfiguration section */

/* Begin XCConfigurationList section */
		01805FC0196EC853002E79F6 /* Build configuration list for PBXProject "Spots" */ = {
			isa = XCConfigurationList;
			buildConfigurations = (
				01805FEF196EC853002E79F6 /* Debug */,
				01805FF0196EC853002E79F6 /* Release */,
			);
			defaultConfigurationIsVisible = 0;
			defaultConfigurationName = Release;
		};
		01805FF1196EC853002E79F6 /* Build configuration list for PBXNativeTarget "Spots" */ = {
			isa = XCConfigurationList;
			buildConfigurations = (
				01805FF2196EC853002E79F6 /* Debug */,
				01805FF3196EC853002E79F6 /* Release */,
			);
			defaultConfigurationIsVisible = 0;
			defaultConfigurationName = Release;
		};
		01805FF4196EC853002E79F6 /* Build configuration list for PBXNativeTarget "SpotsTests" */ = {
			isa = XCConfigurationList;
			buildConfigurations = (
				01805FF5196EC853002E79F6 /* Debug */,
				01805FF6196EC853002E79F6 /* Release */,
			);
			defaultConfigurationIsVisible = 0;
			defaultConfigurationName = Release;
		};
/* End XCConfigurationList section */
	};
	rootObject = 01805FBD196EC853002E79F6 /* Project object */;
}
